// !$*UTF8*$!
{
	archiveVersion = 1;
	classes = {
	};
	objectVersion = 46;
	objects = {

/* Begin PBXBuildFile section */
		E812E02E175C6E78004DB096 /* AssetsLibrary.framework in Frameworks */ = {isa = PBXBuildFile; fileRef = E812E02D175C6E78004DB096 /* AssetsLibrary.framework */; };
		E820C00E19080F8800FDC42E /* ImageCell.m in Sources */ = {isa = PBXBuildFile; fileRef = E820C00D19080F8800FDC42E /* ImageCell.m */; };
		E820C00F19080F8800FDC42E /* ImageCell.m in Sources */ = {isa = PBXBuildFile; fileRef = E820C00D19080F8800FDC42E /* ImageCell.m */; };
		E820C01119080FE700FDC42E /* ImageCell.xib in Resources */ = {isa = PBXBuildFile; fileRef = E820C01019080FE700FDC42E /* ImageCell.xib */; };
		E820C01219080FE700FDC42E /* ImageCell.xib in Resources */ = {isa = PBXBuildFile; fileRef = E820C01019080FE700FDC42E /* ImageCell.xib */; };
		E831C2F31E0955D400AB9FE0 /* blackBtn@2x.png in Resources */ = {isa = PBXBuildFile; fileRef = E831B1311E0955A700AB9FE0 /* blackBtn@2x.png */; };
		E831C2F41E0955D400AB9FE0 /* Default-568h@2x.png in Resources */ = {isa = PBXBuildFile; fileRef = E831B1321E0955A700AB9FE0 /* Default-568h@2x.png */; };
		E831C2F51E0955D400AB9FE0 /* Default@2x.png in Resources */ = {isa = PBXBuildFile; fileRef = E831B1331E0955A700AB9FE0 /* Default@2x.png */; };
		E831C2F61E0955D400AB9FE0 /* folder@2x.png in Resources */ = {isa = PBXBuildFile; fileRef = E831B1341E0955A700AB9FE0 /* folder@2x.png */; };
		E831C2F71E0955D400AB9FE0 /* gif@2x.png in Resources */ = {isa = PBXBuildFile; fileRef = E831B1351E0955A700AB9FE0 /* gif@2x.png */; };
		E831C2F81E0955D400AB9FE0 /* leftArrow@2x.png in Resources */ = {isa = PBXBuildFile; fileRef = E831B1361E0955A700AB9FE0 /* leftArrow@2x.png */; };
		E831C2F91E0955D400AB9FE0 /* navBarBackBtn@2x.png in Resources */ = {isa = PBXBuildFile; fileRef = E831B1371E0955A700AB9FE0 /* navBarBackBtn@2x.png */; };
		E831C2FA1E0955D400AB9FE0 /* pic.png in Resources */ = {isa = PBXBuildFile; fileRef = E831B1381E0955A700AB9FE0 /* pic.png */; };
		E831C2FB1E0955D400AB9FE0 /* pic@2x.png in Resources */ = {isa = PBXBuildFile; fileRef = E831B1391E0955A700AB9FE0 /* pic@2x.png */; };
		E831C2FC1E0955D400AB9FE0 /* playButton@2x.png in Resources */ = {isa = PBXBuildFile; fileRef = E831B13A1E0955A700AB9FE0 /* playButton@2x.png */; };
		E831C2FD1E0955D400AB9FE0 /* PosterHighlight.png in Resources */ = {isa = PBXBuildFile; fileRef = E831B13B1E0955A700AB9FE0 /* PosterHighlight.png */; };
		E831C2FE1E0955D400AB9FE0 /* selectOff@2x.png in Resources */ = {isa = PBXBuildFile; fileRef = E831B13C1E0955A800AB9FE0 /* selectOff@2x.png */; };
		E831C2FF1E0955D400AB9FE0 /* selectOn@2x.png in Resources */ = {isa = PBXBuildFile; fileRef = E831B13D1E0955A800AB9FE0 /* selectOn@2x.png */; };
		E831C3001E0955D400AB9FE0 /* speakerLarge.png in Resources */ = {isa = PBXBuildFile; fileRef = E831B13E1E0955A800AB9FE0 /* speakerLarge.png */; };
		E831C3011E0955D400AB9FE0 /* speakerLarge@2x.png in Resources */ = {isa = PBXBuildFile; fileRef = E831B13F1E0955A800AB9FE0 /* speakerLarge@2x.png */; };
		E831C3021E0955D400AB9FE0 /* speakerSmall.png in Resources */ = {isa = PBXBuildFile; fileRef = E831B1401E0955A800AB9FE0 /* speakerSmall.png */; };
		E831C3031E0955D400AB9FE0 /* speakerSmall@2x.png in Resources */ = {isa = PBXBuildFile; fileRef = E831B1411E0955A800AB9FE0 /* speakerSmall@2x.png */; };
		E831C3041E0955D400AB9FE0 /* video@2x.png in Resources */ = {isa = PBXBuildFile; fileRef = E831B1421E0955A800AB9FE0 /* video@2x.png */; };
		E831C3051E0955D400AB9FE0 /* wifi.png in Resources */ = {isa = PBXBuildFile; fileRef = E831B1431E0955A800AB9FE0 /* wifi.png */; };
		E831C3061E0955D400AB9FE0 /* wifi@2x.png in Resources */ = {isa = PBXBuildFile; fileRef = E831B1441E0955A800AB9FE0 /* wifi@2x.png */; };
		E831C3071E0955D400AB9FE0 /* zip@2x.png in Resources */ = {isa = PBXBuildFile; fileRef = E831B1451E0955A800AB9FE0 /* zip@2x.png */; };
		E831C3081E0955D400AB9FE0 /* ASPopUpView.m in Sources */ = {isa = PBXBuildFile; fileRef = E831B1491E0955A800AB9FE0 /* ASPopUpView.m */; };
		E831C3091E0955D400AB9FE0 /* ASProgressPopUpView.m in Sources */ = {isa = PBXBuildFile; fileRef = E831B14B1E0955A800AB9FE0 /* ASProgressPopUpView.m */; };
		E831C30A1E0955D400AB9FE0 /* GCDWebServers.framework in Frameworks */ = {isa = PBXBuildFile; fileRef = E831B14D1E0955A800AB9FE0 /* GCDWebServers.framework */; };
		E831D18D1E09560500AB9FE0 /* RegexKitLite.m in Sources */ = {isa = PBXBuildFile; fileRef = E831C2D91E0955D300AB9FE0 /* RegexKitLite.m */; settings = {COMPILER_FLAGS = "-fno-objc-arc"; }; };
		E831D18E1E09560500AB9FE0 /* SCGIFImageView.m in Sources */ = {isa = PBXBuildFile; fileRef = E831C2DC1E0955D300AB9FE0 /* SCGIFImageView.m */; settings = {COMPILER_FLAGS = "-fno-objc-arc"; }; };
		E831D18F1E09560500AB9FE0 /* NormalCircle.m in Sources */ = {isa = PBXBuildFile; fileRef = E831C2DF1E0955D400AB9FE0 /* NormalCircle.m */; };
		E831D1901E09560500AB9FE0 /* SPLine.m in Sources */ = {isa = PBXBuildFile; fileRef = E831C2E11E0955D400AB9FE0 /* SPLine.m */; };
		E831D1911E09560500AB9FE0 /* SPLockOverlay.m in Sources */ = {isa = PBXBuildFile; fileRef = E831C2E31E0955D400AB9FE0 /* SPLockOverlay.m */; };
		E831D1921E09560500AB9FE0 /* SPLockScreen.m in Sources */ = {isa = PBXBuildFile; fileRef = E831C2E51E0955D400AB9FE0 /* SPLockScreen.m */; };
		E831D1931E09560500AB9FE0 /* ioapi.c in Sources */ = {isa = PBXBuildFile; fileRef = E831C2E91E0955D400AB9FE0 /* ioapi.c */; };
		E831D1941E09560500AB9FE0 /* mztools.c in Sources */ = {isa = PBXBuildFile; fileRef = E831C2EB1E0955D400AB9FE0 /* mztools.c */; };
		E831D1951E09560500AB9FE0 /* unzip.c in Sources */ = {isa = PBXBuildFile; fileRef = E831C2ED1E0955D400AB9FE0 /* unzip.c */; };
		E831D1961E09560500AB9FE0 /* zip.c in Sources */ = {isa = PBXBuildFile; fileRef = E831C2EF1E0955D400AB9FE0 /* zip.c */; };
		E831D1971E09560500AB9FE0 /* ZipArchive.mm in Sources */ = {isa = PBXBuildFile; fileRef = E831C2F21E0955D400AB9FE0 /* ZipArchive.mm */; settings = {COMPILER_FLAGS = "-fno-objc-arc"; }; };
		E831D1AB1E095C2E00AB9FE0 /* libavcodec.a in Frameworks */ = {isa = PBXBuildFile; fileRef = E831D1A61E095C2E00AB9FE0 /* libavcodec.a */; };
		E831D1AC1E095C2E00AB9FE0 /* libavformat.a in Frameworks */ = {isa = PBXBuildFile; fileRef = E831D1A71E095C2E00AB9FE0 /* libavformat.a */; };
		E831D1AD1E095C2E00AB9FE0 /* libavutil.a in Frameworks */ = {isa = PBXBuildFile; fileRef = E831D1A81E095C2E00AB9FE0 /* libavutil.a */; };
		E831D1AE1E095C2E00AB9FE0 /* libswresample.a in Frameworks */ = {isa = PBXBuildFile; fileRef = E831D1A91E095C2E00AB9FE0 /* libswresample.a */; };
		E831D1AF1E095C2E00AB9FE0 /* libswscale.a in Frameworks */ = {isa = PBXBuildFile; fileRef = E831D1AA1E095C2E00AB9FE0 /* libswscale.a */; };
		E831D1BC1E095FBB00AB9FE0 /* KxAudioManager.m in Sources */ = {isa = PBXBuildFile; fileRef = E831D1B21E095FBB00AB9FE0 /* KxAudioManager.m */; };
		E831D1BD1E095FBB00AB9FE0 /* kxmovie.bundle in Resources */ = {isa = PBXBuildFile; fileRef = E831D1B51E095FBB00AB9FE0 /* kxmovie.bundle */; };
		E831D1BE1E095FBB00AB9FE0 /* KxMovieDecoder.m in Sources */ = {isa = PBXBuildFile; fileRef = E831D1B71E095FBB00AB9FE0 /* KxMovieDecoder.m */; };
		E831D1BF1E095FBB00AB9FE0 /* KxMovieGLView.m in Sources */ = {isa = PBXBuildFile; fileRef = E831D1B91E095FBB00AB9FE0 /* KxMovieGLView.m */; };
		E831D1C01E095FBB00AB9FE0 /* KxMovieViewController.m in Sources */ = {isa = PBXBuildFile; fileRef = E831D1BB1E095FBB00AB9FE0 /* KxMovieViewController.m */; };
		E831D1C11E09604B00AB9FE0 /* GCDWebServers.framework in CopyFiles */ = {isa = PBXBuildFile; fileRef = E831B14D1E0955A800AB9FE0 /* GCDWebServers.framework */; settings = {ATTRIBUTES = (CodeSignOnCopy, RemoveHeadersOnCopy, ); }; };
		E8339DE417D845EC001A2AE6 /* PicThumbImageView.m in Sources */ = {isa = PBXBuildFile; fileRef = E8339DE317D845EC001A2AE6 /* PicThumbImageView.m */; };
		E8339DE517D845EC001A2AE6 /* PicThumbImageView.m in Sources */ = {isa = PBXBuildFile; fileRef = E8339DE317D845EC001A2AE6 /* PicThumbImageView.m */; };
		E83EC1B017B24D9B00F43697 /* OpenGLES.framework in Frameworks */ = {isa = PBXBuildFile; fileRef = E83EC1AF17B24D9B00F43697 /* OpenGLES.framework */; };
		E83EC1B217B24DA100F43697 /* Accelerate.framework in Frameworks */ = {isa = PBXBuildFile; fileRef = E83EC1B117B24DA100F43697 /* Accelerate.framework */; };
		E83EC1B417B24DAF00F43697 /* AudioToolbox.framework in Frameworks */ = {isa = PBXBuildFile; fileRef = E83EC1B317B24DAF00F43697 /* AudioToolbox.framework */; };
		E83EC1B617B24DB700F43697 /* CoreAudio.framework in Frameworks */ = {isa = PBXBuildFile; fileRef = E83EC1B517B24DB700F43697 /* CoreAudio.framework */; };
		E83EC1B817B24DC100F43697 /* MediaPlayer.framework in Frameworks */ = {isa = PBXBuildFile; fileRef = E83EC1B717B24DC100F43697 /* MediaPlayer.framework */; };
		E83EC1BA17B24DED00F43697 /* libiconv.2.4.0.dylib in Frameworks */ = {isa = PBXBuildFile; fileRef = E83EC1B917B24DED00F43697 /* libiconv.2.4.0.dylib */; };
		E83EC1BC17B24DF600F43697 /* libbz2.1.0.dylib in Frameworks */ = {isa = PBXBuildFile; fileRef = E83EC1BB17B24DF600F43697 /* libbz2.1.0.dylib */; };
		E87179731A67FCAC007320E7 /* LocalAuthentication.framework in Frameworks */ = {isa = PBXBuildFile; fileRef = E87179721A67FCAC007320E7 /* LocalAuthentication.framework */; };
		E87179741A6A7C21007320E7 /* LocalAuthentication.framework in Frameworks */ = {isa = PBXBuildFile; fileRef = E87179721A67FCAC007320E7 /* LocalAuthentication.framework */; };
		E8B60F9B17C71CFA00ABE472 /* UIImage+Ext.m in Sources */ = {isa = PBXBuildFile; fileRef = E8B60F9A17C71CFA00ABE472 /* UIImage+Ext.m */; };
		E8B60F9C17C71CFA00ABE472 /* UIImage+Ext.m in Sources */ = {isa = PBXBuildFile; fileRef = E8B60F9A17C71CFA00ABE472 /* UIImage+Ext.m */; };
		E8C9045017C6FAFB00BBD1C0 /* VideoThumbImageView.m in Sources */ = {isa = PBXBuildFile; fileRef = E8C9044F17C6FAFB00BBD1C0 /* VideoThumbImageView.m */; };
		E8C9045117C6FAFB00BBD1C0 /* VideoThumbImageView.m in Sources */ = {isa = PBXBuildFile; fileRef = E8C9044F17C6FAFB00BBD1C0 /* VideoThumbImageView.m */; };
		E8E5294F190CA740005BB21F /* BrowseViewController.xib in Resources */ = {isa = PBXBuildFile; fileRef = E8E52949190CA740005BB21F /* BrowseViewController.xib */; };
		E8E52950190CA740005BB21F /* CocoaWebResourceViewController.xib in Resources */ = {isa = PBXBuildFile; fileRef = E8E5294A190CA740005BB21F /* CocoaWebResourceViewController.xib */; };
		E8E52951190CA740005BB21F /* FolderSelectionViewController.xib in Resources */ = {isa = PBXBuildFile; fileRef = E8E5294B190CA740005BB21F /* FolderSelectionViewController.xib */; };
		E8E52952190CA740005BB21F /* ImageViewerViewController.xib in Resources */ = {isa = PBXBuildFile; fileRef = E8E5294C190CA740005BB21F /* ImageViewerViewController.xib */; };
		E8E52953190CA740005BB21F /* InputView.xib in Resources */ = {isa = PBXBuildFile; fileRef = E8E5294D190CA740005BB21F /* InputView.xib */; };
		E8E52954190CA740005BB21F /* PasswordViewController.xib in Resources */ = {isa = PBXBuildFile; fileRef = E8E5294E190CA740005BB21F /* PasswordViewController.xib */; };
		E8E52955190CA81A005BB21F /* BrowseViewController.xib in Resources */ = {isa = PBXBuildFile; fileRef = E8FDED6C17C613DB00135717 /* BrowseViewController.xib */; };
		E8E52956190CAA4A005BB21F /* ImageViewerViewController.xib in Resources */ = {isa = PBXBuildFile; fileRef = E8FDED7517C613DB00135717 /* ImageViewerViewController.xib */; };
		E8E5E976192CFE110098FE03 /* NSObject+ScreenSize.m in Sources */ = {isa = PBXBuildFile; fileRef = E8E5E975192CFE110098FE03 /* NSObject+ScreenSize.m */; };
		E8E5E977192CFE110098FE03 /* NSObject+ScreenSize.m in Sources */ = {isa = PBXBuildFile; fileRef = E8E5E975192CFE110098FE03 /* NSObject+ScreenSize.m */; };
		E8F0213A17320A6D00357277 /* CFNetwork.framework in Frameworks */ = {isa = PBXBuildFile; fileRef = E8F0213917320A6D00357277 /* CFNetwork.framework */; };
		E8F0213C17320BE500357277 /* libicucore.dylib in Frameworks */ = {isa = PBXBuildFile; fileRef = E8F0213B17320BE500357277 /* libicucore.dylib */; };
		E8F021521732775C00357277 /* libz.dylib in Frameworks */ = {isa = PBXBuildFile; fileRef = E8F021511732775C00357277 /* libz.dylib */; };
		E8F6FA2F17B4812C00702A14 /* main.m in Sources */ = {isa = PBXBuildFile; fileRef = E8FE05911730A40D00B6A39B /* main.m */; };
		E8F6FA3017B4812C00702A14 /* AppDelegate.m in Sources */ = {isa = PBXBuildFile; fileRef = E8FE05951730A40D00B6A39B /* AppDelegate.m */; };
		E8F6FA5117B4812C00702A14 /* libbz2.1.0.dylib in Frameworks */ = {isa = PBXBuildFile; fileRef = E83EC1BB17B24DF600F43697 /* libbz2.1.0.dylib */; };
		E8F6FA5217B4812C00702A14 /* libiconv.2.4.0.dylib in Frameworks */ = {isa = PBXBuildFile; fileRef = E83EC1B917B24DED00F43697 /* libiconv.2.4.0.dylib */; };
		E8F6FA5317B4812C00702A14 /* MediaPlayer.framework in Frameworks */ = {isa = PBXBuildFile; fileRef = E83EC1B717B24DC100F43697 /* MediaPlayer.framework */; };
		E8F6FA5417B4812C00702A14 /* CoreAudio.framework in Frameworks */ = {isa = PBXBuildFile; fileRef = E83EC1B517B24DB700F43697 /* CoreAudio.framework */; };
		E8F6FA5517B4812C00702A14 /* AudioToolbox.framework in Frameworks */ = {isa = PBXBuildFile; fileRef = E83EC1B317B24DAF00F43697 /* AudioToolbox.framework */; };
		E8F6FA5617B4812C00702A14 /* Accelerate.framework in Frameworks */ = {isa = PBXBuildFile; fileRef = E83EC1B117B24DA100F43697 /* Accelerate.framework */; };
		E8F6FA5717B4812C00702A14 /* OpenGLES.framework in Frameworks */ = {isa = PBXBuildFile; fileRef = E83EC1AF17B24D9B00F43697 /* OpenGLES.framework */; };
		E8F6FA5F17B4812C00702A14 /* AssetsLibrary.framework in Frameworks */ = {isa = PBXBuildFile; fileRef = E812E02D175C6E78004DB096 /* AssetsLibrary.framework */; };
		E8F6FA6017B4812C00702A14 /* QuartzCore.framework in Frameworks */ = {isa = PBXBuildFile; fileRef = E8FC1A361734936E00E5A78B /* QuartzCore.framework */; };
		E8F6FA6117B4812C00702A14 /* CoreImage.framework in Frameworks */ = {isa = PBXBuildFile; fileRef = E8FC1A341734936800E5A78B /* CoreImage.framework */; };
		E8F6FA6217B4812C00702A14 /* libz.dylib in Frameworks */ = {isa = PBXBuildFile; fileRef = E8F021511732775C00357277 /* libz.dylib */; };
		E8F6FA6317B4812C00702A14 /* libicucore.dylib in Frameworks */ = {isa = PBXBuildFile; fileRef = E8F0213B17320BE500357277 /* libicucore.dylib */; };
		E8F6FA6417B4812C00702A14 /* CFNetwork.framework in Frameworks */ = {isa = PBXBuildFile; fileRef = E8F0213917320A6D00357277 /* CFNetwork.framework */; };
		E8F6FA6517B4812C00702A14 /* UIKit.framework in Frameworks */ = {isa = PBXBuildFile; fileRef = E8FE05851730A40D00B6A39B /* UIKit.framework */; };
		E8F6FA6617B4812C00702A14 /* Foundation.framework in Frameworks */ = {isa = PBXBuildFile; fileRef = E8FE05871730A40D00B6A39B /* Foundation.framework */; };
		E8F6FA6717B4812C00702A14 /* CoreGraphics.framework in Frameworks */ = {isa = PBXBuildFile; fileRef = E8FE05891730A40D00B6A39B /* CoreGraphics.framework */; };
		E8F6FA6917B4812C00702A14 /* InfoPlist.strings in Resources */ = {isa = PBXBuildFile; fileRef = E8FE058E1730A40D00B6A39B /* InfoPlist.strings */; };
		E8FC1A351734936800E5A78B /* CoreImage.framework in Frameworks */ = {isa = PBXBuildFile; fileRef = E8FC1A341734936800E5A78B /* CoreImage.framework */; };
		E8FC1A371734936E00E5A78B /* QuartzCore.framework in Frameworks */ = {isa = PBXBuildFile; fileRef = E8FC1A361734936E00E5A78B /* QuartzCore.framework */; };
		E8FDED7D17C613DB00135717 /* FileManager.m in Sources */ = {isa = PBXBuildFile; fileRef = E8FDED5917C613DB00135717 /* FileManager.m */; };
		E8FDED7E17C613DB00135717 /* FileManager.m in Sources */ = {isa = PBXBuildFile; fileRef = E8FDED5917C613DB00135717 /* FileManager.m */; };
		E8FDED7F17C613DB00135717 /* InputView.m in Sources */ = {isa = PBXBuildFile; fileRef = E8FDED5B17C613DB00135717 /* InputView.m */; };
		E8FDED8017C613DB00135717 /* InputView.m in Sources */ = {isa = PBXBuildFile; fileRef = E8FDED5B17C613DB00135717 /* InputView.m */; };
		E8FDED8117C613DB00135717 /* InputView.xib in Resources */ = {isa = PBXBuildFile; fileRef = E8FDED5C17C613DB00135717 /* InputView.xib */; };
		E8FDED8217C613DB00135717 /* InputView.xib in Resources */ = {isa = PBXBuildFile; fileRef = E8FDED5C17C613DB00135717 /* InputView.xib */; };
		E8FDED8317C613DB00135717 /* NSObject+Alert.m in Sources */ = {isa = PBXBuildFile; fileRef = E8FDED5E17C613DB00135717 /* NSObject+Alert.m */; };
		E8FDED8417C613DB00135717 /* NSObject+Alert.m in Sources */ = {isa = PBXBuildFile; fileRef = E8FDED5E17C613DB00135717 /* NSObject+Alert.m */; };
		E8FDED8717C613DB00135717 /* TimeMeter.m in Sources */ = {isa = PBXBuildFile; fileRef = E8FDED6217C613DB00135717 /* TimeMeter.m */; };
		E8FDED8817C613DB00135717 /* TimeMeter.m in Sources */ = {isa = PBXBuildFile; fileRef = E8FDED6217C613DB00135717 /* TimeMeter.m */; };
		E8FDED8917C613DB00135717 /* UINavigationBar+Ext.m in Sources */ = {isa = PBXBuildFile; fileRef = E8FDED6417C613DB00135717 /* UINavigationBar+Ext.m */; };
		E8FDED8A17C613DB00135717 /* UINavigationBar+Ext.m in Sources */ = {isa = PBXBuildFile; fileRef = E8FDED6417C613DB00135717 /* UINavigationBar+Ext.m */; };
		E8FDED8B17C613DB00135717 /* UINavigationController+Ext.m in Sources */ = {isa = PBXBuildFile; fileRef = E8FDED6617C613DB00135717 /* UINavigationController+Ext.m */; };
		E8FDED8C17C613DB00135717 /* UINavigationController+Ext.m in Sources */ = {isa = PBXBuildFile; fileRef = E8FDED6617C613DB00135717 /* UINavigationController+Ext.m */; };
		E8FDED8F17C613DB00135717 /* BrowseViewController.m in Sources */ = {isa = PBXBuildFile; fileRef = E8FDED6B17C613DB00135717 /* BrowseViewController.m */; };
		E8FDED9017C613DB00135717 /* BrowseViewController.m in Sources */ = {isa = PBXBuildFile; fileRef = E8FDED6B17C613DB00135717 /* BrowseViewController.m */; };
		E8FDED9317C613DB00135717 /* WebServerViewController.m in Sources */ = {isa = PBXBuildFile; fileRef = E8FDED6E17C613DB00135717 /* WebServerViewController.m */; };
		E8FDED9417C613DB00135717 /* WebServerViewController.m in Sources */ = {isa = PBXBuildFile; fileRef = E8FDED6E17C613DB00135717 /* WebServerViewController.m */; };
		E8FDED9517C613DB00135717 /* WebServerViewController.xib in Resources */ = {isa = PBXBuildFile; fileRef = E8FDED6F17C613DB00135717 /* WebServerViewController.xib */; };
		E8FDED9717C613DB00135717 /* FolderSelectionViewController.m in Sources */ = {isa = PBXBuildFile; fileRef = E8FDED7117C613DB00135717 /* FolderSelectionViewController.m */; };
		E8FDED9817C613DB00135717 /* FolderSelectionViewController.m in Sources */ = {isa = PBXBuildFile; fileRef = E8FDED7117C613DB00135717 /* FolderSelectionViewController.m */; };
		E8FDED9917C613DB00135717 /* FolderSelectionViewController.xib in Resources */ = {isa = PBXBuildFile; fileRef = E8FDED7217C613DB00135717 /* FolderSelectionViewController.xib */; };
		E8FDED9A17C613DB00135717 /* FolderSelectionViewController.xib in Resources */ = {isa = PBXBuildFile; fileRef = E8FDED7217C613DB00135717 /* FolderSelectionViewController.xib */; };
		E8FDED9B17C613DB00135717 /* ImageViewerViewController.m in Sources */ = {isa = PBXBuildFile; fileRef = E8FDED7417C613DB00135717 /* ImageViewerViewController.m */; };
		E8FDED9C17C613DB00135717 /* ImageViewerViewController.m in Sources */ = {isa = PBXBuildFile; fileRef = E8FDED7417C613DB00135717 /* ImageViewerViewController.m */; };
		E8FDED9F17C613DB00135717 /* PasswordViewController.m in Sources */ = {isa = PBXBuildFile; fileRef = E8FDED7717C613DB00135717 /* PasswordViewController.m */; };
		E8FDEDA017C613DB00135717 /* PasswordViewController.m in Sources */ = {isa = PBXBuildFile; fileRef = E8FDED7717C613DB00135717 /* PasswordViewController.m */; };
		E8FDEDA117C613DB00135717 /* PasswordViewController.xib in Resources */ = {isa = PBXBuildFile; fileRef = E8FDED7817C613DB00135717 /* PasswordViewController.xib */; };
		E8FE05861730A40D00B6A39B /* UIKit.framework in Frameworks */ = {isa = PBXBuildFile; fileRef = E8FE05851730A40D00B6A39B /* UIKit.framework */; };
		E8FE05881730A40D00B6A39B /* Foundation.framework in Frameworks */ = {isa = PBXBuildFile; fileRef = E8FE05871730A40D00B6A39B /* Foundation.framework */; };
		E8FE058A1730A40D00B6A39B /* CoreGraphics.framework in Frameworks */ = {isa = PBXBuildFile; fileRef = E8FE05891730A40D00B6A39B /* CoreGraphics.framework */; };
		E8FE05901730A40D00B6A39B /* InfoPlist.strings in Resources */ = {isa = PBXBuildFile; fileRef = E8FE058E1730A40D00B6A39B /* InfoPlist.strings */; };
		E8FE05921730A40D00B6A39B /* main.m in Sources */ = {isa = PBXBuildFile; fileRef = E8FE05911730A40D00B6A39B /* main.m */; };
		E8FE05961730A40D00B6A39B /* AppDelegate.m in Sources */ = {isa = PBXBuildFile; fileRef = E8FE05951730A40D00B6A39B /* AppDelegate.m */; };
/* End PBXBuildFile section */

/* Begin PBXCopyFilesBuildPhase section */
		E80036DE1E093F60005673EC /* CopyFiles */ = {
			isa = PBXCopyFilesBuildPhase;
			buildActionMask = 2147483647;
			dstPath = "";
			dstSubfolderSpec = 10;
			files = (
				E831D1C11E09604B00AB9FE0 /* GCDWebServers.framework in CopyFiles */,
			);
			runOnlyForDeploymentPostprocessing = 0;
		};
/* End PBXCopyFilesBuildPhase section */

/* Begin PBXFileReference section */
		E812E02D175C6E78004DB096 /* AssetsLibrary.framework */ = {isa = PBXFileReference; lastKnownFileType = wrapper.framework; name = AssetsLibrary.framework; path = System/Library/Frameworks/AssetsLibrary.framework; sourceTree = SDKROOT; };
		E820C00C19080F8800FDC42E /* ImageCell.h */ = {isa = PBXFileReference; fileEncoding = 4; lastKnownFileType = sourcecode.c.h; path = ImageCell.h; sourceTree = "<group>"; };
		E820C00D19080F8800FDC42E /* ImageCell.m */ = {isa = PBXFileReference; fileEncoding = 4; lastKnownFileType = sourcecode.c.objc; path = ImageCell.m; sourceTree = "<group>"; };
		E820C01019080FE700FDC42E /* ImageCell.xib */ = {isa = PBXFileReference; fileEncoding = 4; lastKnownFileType = file.xib; path = ImageCell.xib; sourceTree = "<group>"; };
		E831B1311E0955A700AB9FE0 /* blackBtn@2x.png */ = {isa = PBXFileReference; lastKnownFileType = image.png; path = "blackBtn@2x.png"; sourceTree = "<group>"; };
		E831B1321E0955A700AB9FE0 /* Default-568h@2x.png */ = {isa = PBXFileReference; lastKnownFileType = image.png; path = "Default-568h@2x.png"; sourceTree = "<group>"; };
		E831B1331E0955A700AB9FE0 /* Default@2x.png */ = {isa = PBXFileReference; lastKnownFileType = image.png; path = "Default@2x.png"; sourceTree = "<group>"; };
		E831B1341E0955A700AB9FE0 /* folder@2x.png */ = {isa = PBXFileReference; lastKnownFileType = image.png; path = "folder@2x.png"; sourceTree = "<group>"; };
		E831B1351E0955A700AB9FE0 /* gif@2x.png */ = {isa = PBXFileReference; lastKnownFileType = image.png; path = "gif@2x.png"; sourceTree = "<group>"; };
		E831B1361E0955A700AB9FE0 /* leftArrow@2x.png */ = {isa = PBXFileReference; lastKnownFileType = image.png; path = "leftArrow@2x.png"; sourceTree = "<group>"; };
		E831B1371E0955A700AB9FE0 /* navBarBackBtn@2x.png */ = {isa = PBXFileReference; lastKnownFileType = image.png; path = "navBarBackBtn@2x.png"; sourceTree = "<group>"; };
		E831B1381E0955A700AB9FE0 /* pic.png */ = {isa = PBXFileReference; lastKnownFileType = image.png; path = pic.png; sourceTree = "<group>"; };
		E831B1391E0955A700AB9FE0 /* pic@2x.png */ = {isa = PBXFileReference; lastKnownFileType = image.png; path = "pic@2x.png"; sourceTree = "<group>"; };
		E831B13A1E0955A700AB9FE0 /* playButton@2x.png */ = {isa = PBXFileReference; lastKnownFileType = image.png; path = "playButton@2x.png"; sourceTree = "<group>"; };
		E831B13B1E0955A700AB9FE0 /* PosterHighlight.png */ = {isa = PBXFileReference; lastKnownFileType = image.png; path = PosterHighlight.png; sourceTree = "<group>"; };
		E831B13C1E0955A800AB9FE0 /* selectOff@2x.png */ = {isa = PBXFileReference; lastKnownFileType = image.png; path = "selectOff@2x.png"; sourceTree = "<group>"; };
		E831B13D1E0955A800AB9FE0 /* selectOn@2x.png */ = {isa = PBXFileReference; lastKnownFileType = image.png; path = "selectOn@2x.png"; sourceTree = "<group>"; };
		E831B13E1E0955A800AB9FE0 /* speakerLarge.png */ = {isa = PBXFileReference; lastKnownFileType = image.png; path = speakerLarge.png; sourceTree = "<group>"; };
		E831B13F1E0955A800AB9FE0 /* speakerLarge@2x.png */ = {isa = PBXFileReference; lastKnownFileType = image.png; path = "speakerLarge@2x.png"; sourceTree = "<group>"; };
		E831B1401E0955A800AB9FE0 /* speakerSmall.png */ = {isa = PBXFileReference; lastKnownFileType = image.png; path = speakerSmall.png; sourceTree = "<group>"; };
		E831B1411E0955A800AB9FE0 /* speakerSmall@2x.png */ = {isa = PBXFileReference; lastKnownFileType = image.png; path = "speakerSmall@2x.png"; sourceTree = "<group>"; };
		E831B1421E0955A800AB9FE0 /* video@2x.png */ = {isa = PBXFileReference; lastKnownFileType = image.png; path = "video@2x.png"; sourceTree = "<group>"; };
		E831B1431E0955A800AB9FE0 /* wifi.png */ = {isa = PBXFileReference; lastKnownFileType = image.png; path = wifi.png; sourceTree = "<group>"; };
		E831B1441E0955A800AB9FE0 /* wifi@2x.png */ = {isa = PBXFileReference; lastKnownFileType = image.png; path = "wifi@2x.png"; sourceTree = "<group>"; };
		E831B1451E0955A800AB9FE0 /* zip@2x.png */ = {isa = PBXFileReference; lastKnownFileType = image.png; path = "zip@2x.png"; sourceTree = "<group>"; };
		E831B1481E0955A800AB9FE0 /* ASPopUpView.h */ = {isa = PBXFileReference; fileEncoding = 4; lastKnownFileType = sourcecode.c.h; path = ASPopUpView.h; sourceTree = "<group>"; };
		E831B1491E0955A800AB9FE0 /* ASPopUpView.m */ = {isa = PBXFileReference; fileEncoding = 4; lastKnownFileType = sourcecode.c.objc; path = ASPopUpView.m; sourceTree = "<group>"; };
		E831B14A1E0955A800AB9FE0 /* ASProgressPopUpView.h */ = {isa = PBXFileReference; fileEncoding = 4; lastKnownFileType = sourcecode.c.h; path = ASProgressPopUpView.h; sourceTree = "<group>"; };
		E831B14B1E0955A800AB9FE0 /* ASProgressPopUpView.m */ = {isa = PBXFileReference; fileEncoding = 4; lastKnownFileType = sourcecode.c.objc; path = ASProgressPopUpView.m; sourceTree = "<group>"; };
		E831B14D1E0955A800AB9FE0 /* GCDWebServers.framework */ = {isa = PBXFileReference; lastKnownFileType = wrapper.framework; path = GCDWebServers.framework; sourceTree = "<group>"; };
		E831C2D81E0955D300AB9FE0 /* RegexKitLite.h */ = {isa = PBXFileReference; fileEncoding = 4; lastKnownFileType = sourcecode.c.h; path = RegexKitLite.h; sourceTree = "<group>"; };
		E831C2D91E0955D300AB9FE0 /* RegexKitLite.m */ = {isa = PBXFileReference; fileEncoding = 4; lastKnownFileType = sourcecode.c.objc; path = RegexKitLite.m; sourceTree = "<group>"; };
		E831C2DB1E0955D300AB9FE0 /* SCGIFImageView.h */ = {isa = PBXFileReference; fileEncoding = 4; lastKnownFileType = sourcecode.c.h; path = SCGIFImageView.h; sourceTree = "<group>"; };
		E831C2DC1E0955D300AB9FE0 /* SCGIFImageView.m */ = {isa = PBXFileReference; fileEncoding = 4; lastKnownFileType = sourcecode.c.objc; path = SCGIFImageView.m; sourceTree = "<group>"; };
		E831C2DE1E0955D400AB9FE0 /* NormalCircle.h */ = {isa = PBXFileReference; fileEncoding = 4; lastKnownFileType = sourcecode.c.h; path = NormalCircle.h; sourceTree = "<group>"; };
		E831C2DF1E0955D400AB9FE0 /* NormalCircle.m */ = {isa = PBXFileReference; fileEncoding = 4; lastKnownFileType = sourcecode.c.objc; path = NormalCircle.m; sourceTree = "<group>"; };
		E831C2E01E0955D400AB9FE0 /* SPLine.h */ = {isa = PBXFileReference; fileEncoding = 4; lastKnownFileType = sourcecode.c.h; path = SPLine.h; sourceTree = "<group>"; };
		E831C2E11E0955D400AB9FE0 /* SPLine.m */ = {isa = PBXFileReference; fileEncoding = 4; lastKnownFileType = sourcecode.c.objc; path = SPLine.m; sourceTree = "<group>"; };
		E831C2E21E0955D400AB9FE0 /* SPLockOverlay.h */ = {isa = PBXFileReference; fileEncoding = 4; lastKnownFileType = sourcecode.c.h; path = SPLockOverlay.h; sourceTree = "<group>"; };
		E831C2E31E0955D400AB9FE0 /* SPLockOverlay.m */ = {isa = PBXFileReference; fileEncoding = 4; lastKnownFileType = sourcecode.c.objc; path = SPLockOverlay.m; sourceTree = "<group>"; };
		E831C2E41E0955D400AB9FE0 /* SPLockScreen.h */ = {isa = PBXFileReference; fileEncoding = 4; lastKnownFileType = sourcecode.c.h; path = SPLockScreen.h; sourceTree = "<group>"; };
		E831C2E51E0955D400AB9FE0 /* SPLockScreen.m */ = {isa = PBXFileReference; fileEncoding = 4; lastKnownFileType = sourcecode.c.objc; path = SPLockScreen.m; sourceTree = "<group>"; };
		E831C2E81E0955D400AB9FE0 /* crypt.h */ = {isa = PBXFileReference; fileEncoding = 4; lastKnownFileType = sourcecode.c.h; path = crypt.h; sourceTree = "<group>"; };
		E831C2E91E0955D400AB9FE0 /* ioapi.c */ = {isa = PBXFileReference; fileEncoding = 4; lastKnownFileType = sourcecode.c.c; path = ioapi.c; sourceTree = "<group>"; };
		E831C2EA1E0955D400AB9FE0 /* ioapi.h */ = {isa = PBXFileReference; fileEncoding = 4; lastKnownFileType = sourcecode.c.h; path = ioapi.h; sourceTree = "<group>"; };
		E831C2EB1E0955D400AB9FE0 /* mztools.c */ = {isa = PBXFileReference; fileEncoding = 4; lastKnownFileType = sourcecode.c.c; path = mztools.c; sourceTree = "<group>"; };
		E831C2EC1E0955D400AB9FE0 /* mztools.h */ = {isa = PBXFileReference; fileEncoding = 4; lastKnownFileType = sourcecode.c.h; path = mztools.h; sourceTree = "<group>"; };
		E831C2ED1E0955D400AB9FE0 /* unzip.c */ = {isa = PBXFileReference; fileEncoding = 4; lastKnownFileType = sourcecode.c.c; path = unzip.c; sourceTree = "<group>"; };
		E831C2EE1E0955D400AB9FE0 /* unzip.h */ = {isa = PBXFileReference; fileEncoding = 4; lastKnownFileType = sourcecode.c.h; path = unzip.h; sourceTree = "<group>"; };
		E831C2EF1E0955D400AB9FE0 /* zip.c */ = {isa = PBXFileReference; fileEncoding = 4; lastKnownFileType = sourcecode.c.c; path = zip.c; sourceTree = "<group>"; };
		E831C2F01E0955D400AB9FE0 /* zip.h */ = {isa = PBXFileReference; fileEncoding = 4; lastKnownFileType = sourcecode.c.h; path = zip.h; sourceTree = "<group>"; };
		E831C2F11E0955D400AB9FE0 /* ZipArchive.h */ = {isa = PBXFileReference; fileEncoding = 4; lastKnownFileType = sourcecode.c.h; path = ZipArchive.h; sourceTree = "<group>"; };
		E831C2F21E0955D400AB9FE0 /* ZipArchive.mm */ = {isa = PBXFileReference; fileEncoding = 4; lastKnownFileType = sourcecode.cpp.objcpp; path = ZipArchive.mm; sourceTree = "<group>"; };
		E831D1A61E095C2E00AB9FE0 /* libavcodec.a */ = {isa = PBXFileReference; lastKnownFileType = archive.ar; name = libavcodec.a; path = Vender/kxmovie/libs/FFmpeg/libavcodec.a; sourceTree = "<group>"; };
		E831D1A71E095C2E00AB9FE0 /* libavformat.a */ = {isa = PBXFileReference; lastKnownFileType = archive.ar; name = libavformat.a; path = Vender/kxmovie/libs/FFmpeg/libavformat.a; sourceTree = "<group>"; };
		E831D1A81E095C2E00AB9FE0 /* libavutil.a */ = {isa = PBXFileReference; lastKnownFileType = archive.ar; name = libavutil.a; path = Vender/kxmovie/libs/FFmpeg/libavutil.a; sourceTree = "<group>"; };
		E831D1A91E095C2E00AB9FE0 /* libswresample.a */ = {isa = PBXFileReference; lastKnownFileType = archive.ar; name = libswresample.a; path = Vender/kxmovie/libs/FFmpeg/libswresample.a; sourceTree = "<group>"; };
		E831D1AA1E095C2E00AB9FE0 /* libswscale.a */ = {isa = PBXFileReference; lastKnownFileType = archive.ar; name = libswscale.a; path = Vender/kxmovie/libs/FFmpeg/libswscale.a; sourceTree = "<group>"; };
		E831D1B11E095FBB00AB9FE0 /* KxAudioManager.h */ = {isa = PBXFileReference; fileEncoding = 4; lastKnownFileType = sourcecode.c.h; path = KxAudioManager.h; sourceTree = "<group>"; };
		E831D1B21E095FBB00AB9FE0 /* KxAudioManager.m */ = {isa = PBXFileReference; fileEncoding = 4; lastKnownFileType = sourcecode.c.objc; path = KxAudioManager.m; sourceTree = "<group>"; };
		E831D1B31E095FBB00AB9FE0 /* KxLogger.h */ = {isa = PBXFileReference; fileEncoding = 4; lastKnownFileType = sourcecode.c.h; path = KxLogger.h; sourceTree = "<group>"; };
		E831D1B41E095FBB00AB9FE0 /* kxmovie-Prefix.pch */ = {isa = PBXFileReference; fileEncoding = 4; lastKnownFileType = sourcecode.c.h; path = "kxmovie-Prefix.pch"; sourceTree = "<group>"; };
		E831D1B51E095FBB00AB9FE0 /* kxmovie.bundle */ = {isa = PBXFileReference; lastKnownFileType = "wrapper.plug-in"; path = kxmovie.bundle; sourceTree = "<group>"; };
		E831D1B61E095FBB00AB9FE0 /* KxMovieDecoder.h */ = {isa = PBXFileReference; fileEncoding = 4; lastKnownFileType = sourcecode.c.h; path = KxMovieDecoder.h; sourceTree = "<group>"; };
		E831D1B71E095FBB00AB9FE0 /* KxMovieDecoder.m */ = {isa = PBXFileReference; fileEncoding = 4; lastKnownFileType = sourcecode.c.objc; path = KxMovieDecoder.m; sourceTree = "<group>"; };
		E831D1B81E095FBB00AB9FE0 /* KxMovieGLView.h */ = {isa = PBXFileReference; fileEncoding = 4; lastKnownFileType = sourcecode.c.h; path = KxMovieGLView.h; sourceTree = "<group>"; };
		E831D1B91E095FBB00AB9FE0 /* KxMovieGLView.m */ = {isa = PBXFileReference; fileEncoding = 4; lastKnownFileType = sourcecode.c.objc; path = KxMovieGLView.m; sourceTree = "<group>"; };
		E831D1BA1E095FBB00AB9FE0 /* KxMovieViewController.h */ = {isa = PBXFileReference; fileEncoding = 4; lastKnownFileType = sourcecode.c.h; path = KxMovieViewController.h; sourceTree = "<group>"; };
		E831D1BB1E095FBB00AB9FE0 /* KxMovieViewController.m */ = {isa = PBXFileReference; fileEncoding = 4; lastKnownFileType = sourcecode.c.objc; path = KxMovieViewController.m; sourceTree = "<group>"; };
		E8339DE217D845EC001A2AE6 /* PicThumbImageView.h */ = {isa = PBXFileReference; fileEncoding = 4; lastKnownFileType = sourcecode.c.h; path = PicThumbImageView.h; sourceTree = "<group>"; };
		E8339DE317D845EC001A2AE6 /* PicThumbImageView.m */ = {isa = PBXFileReference; fileEncoding = 4; lastKnownFileType = sourcecode.c.objc; path = PicThumbImageView.m; sourceTree = "<group>"; };
		E83EC1AF17B24D9B00F43697 /* OpenGLES.framework */ = {isa = PBXFileReference; lastKnownFileType = wrapper.framework; name = OpenGLES.framework; path = System/Library/Frameworks/OpenGLES.framework; sourceTree = SDKROOT; };
		E83EC1B117B24DA100F43697 /* Accelerate.framework */ = {isa = PBXFileReference; lastKnownFileType = wrapper.framework; name = Accelerate.framework; path = System/Library/Frameworks/Accelerate.framework; sourceTree = SDKROOT; };
		E83EC1B317B24DAF00F43697 /* AudioToolbox.framework */ = {isa = PBXFileReference; lastKnownFileType = wrapper.framework; name = AudioToolbox.framework; path = System/Library/Frameworks/AudioToolbox.framework; sourceTree = SDKROOT; };
		E83EC1B517B24DB700F43697 /* CoreAudio.framework */ = {isa = PBXFileReference; lastKnownFileType = wrapper.framework; name = CoreAudio.framework; path = System/Library/Frameworks/CoreAudio.framework; sourceTree = SDKROOT; };
		E83EC1B717B24DC100F43697 /* MediaPlayer.framework */ = {isa = PBXFileReference; lastKnownFileType = wrapper.framework; name = MediaPlayer.framework; path = System/Library/Frameworks/MediaPlayer.framework; sourceTree = SDKROOT; };
		E83EC1B917B24DED00F43697 /* libiconv.2.4.0.dylib */ = {isa = PBXFileReference; lastKnownFileType = "compiled.mach-o.dylib"; name = libiconv.2.4.0.dylib; path = usr/lib/libiconv.2.4.0.dylib; sourceTree = SDKROOT; };
		E83EC1BB17B24DF600F43697 /* libbz2.1.0.dylib */ = {isa = PBXFileReference; lastKnownFileType = "compiled.mach-o.dylib"; name = libbz2.1.0.dylib; path = usr/lib/libbz2.1.0.dylib; sourceTree = SDKROOT; };
		E87179721A67FCAC007320E7 /* LocalAuthentication.framework */ = {isa = PBXFileReference; lastKnownFileType = wrapper.framework; name = LocalAuthentication.framework; path = System/Library/Frameworks/LocalAuthentication.framework; sourceTree = SDKROOT; };
		E8B60F9917C71CFA00ABE472 /* UIImage+Ext.h */ = {isa = PBXFileReference; fileEncoding = 4; lastKnownFileType = sourcecode.c.h; path = "UIImage+Ext.h"; sourceTree = "<group>"; };
		E8B60F9A17C71CFA00ABE472 /* UIImage+Ext.m */ = {isa = PBXFileReference; fileEncoding = 4; lastKnownFileType = sourcecode.c.objc; path = "UIImage+Ext.m"; sourceTree = "<group>"; };
		E8C9044E17C6FAFB00BBD1C0 /* VideoThumbImageView.h */ = {isa = PBXFileReference; fileEncoding = 4; lastKnownFileType = sourcecode.c.h; path = VideoThumbImageView.h; sourceTree = "<group>"; };
		E8C9044F17C6FAFB00BBD1C0 /* VideoThumbImageView.m */ = {isa = PBXFileReference; fileEncoding = 4; lastKnownFileType = sourcecode.c.objc; path = VideoThumbImageView.m; sourceTree = "<group>"; };
		E8E52949190CA740005BB21F /* BrowseViewController.xib */ = {isa = PBXFileReference; fileEncoding = 4; lastKnownFileType = file.xib; path = BrowseViewController.xib; sourceTree = "<group>"; };
		E8E5294A190CA740005BB21F /* CocoaWebResourceViewController.xib */ = {isa = PBXFileReference; fileEncoding = 4; lastKnownFileType = file.xib; path = CocoaWebResourceViewController.xib; sourceTree = "<group>"; };
		E8E5294B190CA740005BB21F /* FolderSelectionViewController.xib */ = {isa = PBXFileReference; fileEncoding = 4; lastKnownFileType = file.xib; path = FolderSelectionViewController.xib; sourceTree = "<group>"; };
		E8E5294C190CA740005BB21F /* ImageViewerViewController.xib */ = {isa = PBXFileReference; fileEncoding = 4; lastKnownFileType = file.xib; path = ImageViewerViewController.xib; sourceTree = "<group>"; };
		E8E5294D190CA740005BB21F /* InputView.xib */ = {isa = PBXFileReference; fileEncoding = 4; lastKnownFileType = file.xib; path = InputView.xib; sourceTree = "<group>"; };
		E8E5294E190CA740005BB21F /* PasswordViewController.xib */ = {isa = PBXFileReference; fileEncoding = 4; lastKnownFileType = file.xib; path = PasswordViewController.xib; sourceTree = "<group>"; };
		E8E5E974192CFE110098FE03 /* NSObject+ScreenSize.h */ = {isa = PBXFileReference; fileEncoding = 4; lastKnownFileType = sourcecode.c.h; path = "NSObject+ScreenSize.h"; sourceTree = "<group>"; };
		E8E5E975192CFE110098FE03 /* NSObject+ScreenSize.m */ = {isa = PBXFileReference; fileEncoding = 4; lastKnownFileType = sourcecode.c.objc; path = "NSObject+ScreenSize.m"; sourceTree = "<group>"; };
		E8F0213917320A6D00357277 /* CFNetwork.framework */ = {isa = PBXFileReference; lastKnownFileType = wrapper.framework; name = CFNetwork.framework; path = System/Library/Frameworks/CFNetwork.framework; sourceTree = SDKROOT; };
		E8F0213B17320BE500357277 /* libicucore.dylib */ = {isa = PBXFileReference; lastKnownFileType = "compiled.mach-o.dylib"; name = libicucore.dylib; path = usr/lib/libicucore.dylib; sourceTree = SDKROOT; };
		E8F021511732775C00357277 /* libz.dylib */ = {isa = PBXFileReference; lastKnownFileType = "compiled.mach-o.dylib"; name = libz.dylib; path = usr/lib/libz.dylib; sourceTree = SDKROOT; };
		E8F6FA8117B4812C00702A14 /* ImageManager-iPad.app */ = {isa = PBXFileReference; explicitFileType = wrapper.application; includeInIndex = 0; path = "ImageManager-iPad.app"; sourceTree = BUILT_PRODUCTS_DIR; };
		E8FC1A341734936800E5A78B /* CoreImage.framework */ = {isa = PBXFileReference; lastKnownFileType = wrapper.framework; name = CoreImage.framework; path = System/Library/Frameworks/CoreImage.framework; sourceTree = SDKROOT; };
		E8FC1A361734936E00E5A78B /* QuartzCore.framework */ = {isa = PBXFileReference; lastKnownFileType = wrapper.framework; name = QuartzCore.framework; path = System/Library/Frameworks/QuartzCore.framework; sourceTree = SDKROOT; };
		E8FDED5817C613DB00135717 /* FileManager.h */ = {isa = PBXFileReference; fileEncoding = 4; lastKnownFileType = sourcecode.c.h; path = FileManager.h; sourceTree = "<group>"; };
		E8FDED5917C613DB00135717 /* FileManager.m */ = {isa = PBXFileReference; fileEncoding = 4; lastKnownFileType = sourcecode.c.objc; path = FileManager.m; sourceTree = "<group>"; };
		E8FDED5A17C613DB00135717 /* InputView.h */ = {isa = PBXFileReference; fileEncoding = 4; lastKnownFileType = sourcecode.c.h; path = InputView.h; sourceTree = "<group>"; };
		E8FDED5B17C613DB00135717 /* InputView.m */ = {isa = PBXFileReference; fileEncoding = 4; lastKnownFileType = sourcecode.c.objc; path = InputView.m; sourceTree = "<group>"; };
		E8FDED5C17C613DB00135717 /* InputView.xib */ = {isa = PBXFileReference; fileEncoding = 4; lastKnownFileType = file.xib; path = InputView.xib; sourceTree = "<group>"; };
		E8FDED5D17C613DB00135717 /* NSObject+Alert.h */ = {isa = PBXFileReference; fileEncoding = 4; lastKnownFileType = sourcecode.c.h; path = "NSObject+Alert.h"; sourceTree = "<group>"; };
		E8FDED5E17C613DB00135717 /* NSObject+Alert.m */ = {isa = PBXFileReference; fileEncoding = 4; lastKnownFileType = sourcecode.c.objc; path = "NSObject+Alert.m"; sourceTree = "<group>"; };
		E8FDED6117C613DB00135717 /* TimeMeter.h */ = {isa = PBXFileReference; fileEncoding = 4; lastKnownFileType = sourcecode.c.h; path = TimeMeter.h; sourceTree = "<group>"; };
		E8FDED6217C613DB00135717 /* TimeMeter.m */ = {isa = PBXFileReference; fileEncoding = 4; lastKnownFileType = sourcecode.c.objc; path = TimeMeter.m; sourceTree = "<group>"; };
		E8FDED6317C613DB00135717 /* UINavigationBar+Ext.h */ = {isa = PBXFileReference; fileEncoding = 4; lastKnownFileType = sourcecode.c.h; path = "UINavigationBar+Ext.h"; sourceTree = "<group>"; };
		E8FDED6417C613DB00135717 /* UINavigationBar+Ext.m */ = {isa = PBXFileReference; fileEncoding = 4; lastKnownFileType = sourcecode.c.objc; path = "UINavigationBar+Ext.m"; sourceTree = "<group>"; };
		E8FDED6517C613DB00135717 /* UINavigationController+Ext.h */ = {isa = PBXFileReference; fileEncoding = 4; lastKnownFileType = sourcecode.c.h; path = "UINavigationController+Ext.h"; sourceTree = "<group>"; };
		E8FDED6617C613DB00135717 /* UINavigationController+Ext.m */ = {isa = PBXFileReference; fileEncoding = 4; lastKnownFileType = sourcecode.c.objc; path = "UINavigationController+Ext.m"; sourceTree = "<group>"; };
		E8FDED6A17C613DB00135717 /* BrowseViewController.h */ = {isa = PBXFileReference; fileEncoding = 4; lastKnownFileType = sourcecode.c.h; path = BrowseViewController.h; sourceTree = "<group>"; };
		E8FDED6B17C613DB00135717 /* BrowseViewController.m */ = {isa = PBXFileReference; fileEncoding = 4; lastKnownFileType = sourcecode.c.objc; path = BrowseViewController.m; sourceTree = "<group>"; };
		E8FDED6C17C613DB00135717 /* BrowseViewController.xib */ = {isa = PBXFileReference; fileEncoding = 4; lastKnownFileType = file.xib; path = BrowseViewController.xib; sourceTree = "<group>"; };
		E8FDED6D17C613DB00135717 /* WebServerViewController.h */ = {isa = PBXFileReference; fileEncoding = 4; lastKnownFileType = sourcecode.c.h; path = WebServerViewController.h; sourceTree = "<group>"; };
		E8FDED6E17C613DB00135717 /* WebServerViewController.m */ = {isa = PBXFileReference; fileEncoding = 4; lastKnownFileType = sourcecode.c.objc; path = WebServerViewController.m; sourceTree = "<group>"; };
		E8FDED6F17C613DB00135717 /* WebServerViewController.xib */ = {isa = PBXFileReference; fileEncoding = 4; lastKnownFileType = file.xib; path = WebServerViewController.xib; sourceTree = "<group>"; };
		E8FDED7017C613DB00135717 /* FolderSelectionViewController.h */ = {isa = PBXFileReference; fileEncoding = 4; lastKnownFileType = sourcecode.c.h; path = FolderSelectionViewController.h; sourceTree = "<group>"; };
		E8FDED7117C613DB00135717 /* FolderSelectionViewController.m */ = {isa = PBXFileReference; fileEncoding = 4; lastKnownFileType = sourcecode.c.objc; path = FolderSelectionViewController.m; sourceTree = "<group>"; };
		E8FDED7217C613DB00135717 /* FolderSelectionViewController.xib */ = {isa = PBXFileReference; fileEncoding = 4; lastKnownFileType = file.xib; path = FolderSelectionViewController.xib; sourceTree = "<group>"; };
		E8FDED7317C613DB00135717 /* ImageViewerViewController.h */ = {isa = PBXFileReference; fileEncoding = 4; lastKnownFileType = sourcecode.c.h; path = ImageViewerViewController.h; sourceTree = "<group>"; };
		E8FDED7417C613DB00135717 /* ImageViewerViewController.m */ = {isa = PBXFileReference; fileEncoding = 4; lastKnownFileType = sourcecode.c.objc; path = ImageViewerViewController.m; sourceTree = "<group>"; };
		E8FDED7517C613DB00135717 /* ImageViewerViewController.xib */ = {isa = PBXFileReference; fileEncoding = 4; lastKnownFileType = file.xib; path = ImageViewerViewController.xib; sourceTree = "<group>"; };
		E8FDED7617C613DB00135717 /* PasswordViewController.h */ = {isa = PBXFileReference; fileEncoding = 4; lastKnownFileType = sourcecode.c.h; path = PasswordViewController.h; sourceTree = "<group>"; };
		E8FDED7717C613DB00135717 /* PasswordViewController.m */ = {isa = PBXFileReference; fileEncoding = 4; lastKnownFileType = sourcecode.c.objc; path = PasswordViewController.m; sourceTree = "<group>"; };
		E8FDED7817C613DB00135717 /* PasswordViewController.xib */ = {isa = PBXFileReference; fileEncoding = 4; lastKnownFileType = file.xib; path = PasswordViewController.xib; sourceTree = "<group>"; };
		E8FE05821730A40D00B6A39B /* ImageManager.app */ = {isa = PBXFileReference; explicitFileType = wrapper.application; includeInIndex = 0; path = ImageManager.app; sourceTree = BUILT_PRODUCTS_DIR; };
		E8FE05851730A40D00B6A39B /* UIKit.framework */ = {isa = PBXFileReference; lastKnownFileType = wrapper.framework; name = UIKit.framework; path = System/Library/Frameworks/UIKit.framework; sourceTree = SDKROOT; };
		E8FE05871730A40D00B6A39B /* Foundation.framework */ = {isa = PBXFileReference; lastKnownFileType = wrapper.framework; name = Foundation.framework; path = System/Library/Frameworks/Foundation.framework; sourceTree = SDKROOT; };
		E8FE05891730A40D00B6A39B /* CoreGraphics.framework */ = {isa = PBXFileReference; lastKnownFileType = wrapper.framework; name = CoreGraphics.framework; path = System/Library/Frameworks/CoreGraphics.framework; sourceTree = SDKROOT; };
		E8FE058D1730A40D00B6A39B /* ImageManager-Info.plist */ = {isa = PBXFileReference; lastKnownFileType = text.plist.xml; path = "ImageManager-Info.plist"; sourceTree = "<group>"; };
		E8FE058F1730A40D00B6A39B /* en */ = {isa = PBXFileReference; lastKnownFileType = text.plist.strings; name = en; path = en.lproj/InfoPlist.strings; sourceTree = "<group>"; };
		E8FE05911730A40D00B6A39B /* main.m */ = {isa = PBXFileReference; lastKnownFileType = sourcecode.c.objc; path = main.m; sourceTree = "<group>"; };
		E8FE05931730A40D00B6A39B /* ImageManager-Prefix.pch */ = {isa = PBXFileReference; lastKnownFileType = sourcecode.c.h; path = "ImageManager-Prefix.pch"; sourceTree = "<group>"; };
		E8FE05941730A40D00B6A39B /* AppDelegate.h */ = {isa = PBXFileReference; lastKnownFileType = sourcecode.c.h; path = AppDelegate.h; sourceTree = "<group>"; };
		E8FE05951730A40D00B6A39B /* AppDelegate.m */ = {isa = PBXFileReference; lastKnownFileType = sourcecode.c.objc; path = AppDelegate.m; sourceTree = "<group>"; };
/* End PBXFileReference section */

/* Begin PBXFrameworksBuildPhase section */
		E8F6FA5017B4812C00702A14 /* Frameworks */ = {
			isa = PBXFrameworksBuildPhase;
			buildActionMask = 2147483647;
			files = (
				E87179741A6A7C21007320E7 /* LocalAuthentication.framework in Frameworks */,
				E8F6FA5117B4812C00702A14 /* libbz2.1.0.dylib in Frameworks */,
				E8F6FA5217B4812C00702A14 /* libiconv.2.4.0.dylib in Frameworks */,
				E8F6FA5317B4812C00702A14 /* MediaPlayer.framework in Frameworks */,
				E8F6FA5417B4812C00702A14 /* CoreAudio.framework in Frameworks */,
				E8F6FA5517B4812C00702A14 /* AudioToolbox.framework in Frameworks */,
				E8F6FA5617B4812C00702A14 /* Accelerate.framework in Frameworks */,
				E8F6FA5717B4812C00702A14 /* OpenGLES.framework in Frameworks */,
				E8F6FA5F17B4812C00702A14 /* AssetsLibrary.framework in Frameworks */,
				E8F6FA6017B4812C00702A14 /* QuartzCore.framework in Frameworks */,
				E8F6FA6117B4812C00702A14 /* CoreImage.framework in Frameworks */,
				E8F6FA6217B4812C00702A14 /* libz.dylib in Frameworks */,
				E8F6FA6317B4812C00702A14 /* libicucore.dylib in Frameworks */,
				E8F6FA6417B4812C00702A14 /* CFNetwork.framework in Frameworks */,
				E8F6FA6517B4812C00702A14 /* UIKit.framework in Frameworks */,
				E8F6FA6617B4812C00702A14 /* Foundation.framework in Frameworks */,
				E8F6FA6717B4812C00702A14 /* CoreGraphics.framework in Frameworks */,
			);
			runOnlyForDeploymentPostprocessing = 0;
		};
		E8FE057F1730A40D00B6A39B /* Frameworks */ = {
			isa = PBXFrameworksBuildPhase;
			buildActionMask = 2147483647;
			files = (
				E87179731A67FCAC007320E7 /* LocalAuthentication.framework in Frameworks */,
				E83EC1BC17B24DF600F43697 /* libbz2.1.0.dylib in Frameworks */,
				E83EC1BA17B24DED00F43697 /* libiconv.2.4.0.dylib in Frameworks */,
				E831D1AC1E095C2E00AB9FE0 /* libavformat.a in Frameworks */,
				E831C30A1E0955D400AB9FE0 /* GCDWebServers.framework in Frameworks */,
				E83EC1B817B24DC100F43697 /* MediaPlayer.framework in Frameworks */,
				E831D1AF1E095C2E00AB9FE0 /* libswscale.a in Frameworks */,
				E83EC1B617B24DB700F43697 /* CoreAudio.framework in Frameworks */,
				E83EC1B417B24DAF00F43697 /* AudioToolbox.framework in Frameworks */,
				E83EC1B217B24DA100F43697 /* Accelerate.framework in Frameworks */,
				E83EC1B017B24D9B00F43697 /* OpenGLES.framework in Frameworks */,
				E812E02E175C6E78004DB096 /* AssetsLibrary.framework in Frameworks */,
				E8FC1A371734936E00E5A78B /* QuartzCore.framework in Frameworks */,
				E8FC1A351734936800E5A78B /* CoreImage.framework in Frameworks */,
				E8F021521732775C00357277 /* libz.dylib in Frameworks */,
				E8F0213C17320BE500357277 /* libicucore.dylib in Frameworks */,
				E831D1AB1E095C2E00AB9FE0 /* libavcodec.a in Frameworks */,
				E8F0213A17320A6D00357277 /* CFNetwork.framework in Frameworks */,
				E8FE05861730A40D00B6A39B /* UIKit.framework in Frameworks */,
				E831D1AD1E095C2E00AB9FE0 /* libavutil.a in Frameworks */,
				E8FE05881730A40D00B6A39B /* Foundation.framework in Frameworks */,
				E831D1AE1E095C2E00AB9FE0 /* libswresample.a in Frameworks */,
				E8FE058A1730A40D00B6A39B /* CoreGraphics.framework in Frameworks */,
			);
			runOnlyForDeploymentPostprocessing = 0;
		};
/* End PBXFrameworksBuildPhase section */

/* Begin PBXGroup section */
		E831B1301E0955A700AB9FE0 /* Resource */ = {
			isa = PBXGroup;
			children = (
				E831B1311E0955A700AB9FE0 /* blackBtn@2x.png */,
				E831B1321E0955A700AB9FE0 /* Default-568h@2x.png */,
				E831B1331E0955A700AB9FE0 /* Default@2x.png */,
				E831B1341E0955A700AB9FE0 /* folder@2x.png */,
				E831B1351E0955A700AB9FE0 /* gif@2x.png */,
				E831B1361E0955A700AB9FE0 /* leftArrow@2x.png */,
				E831B1371E0955A700AB9FE0 /* navBarBackBtn@2x.png */,
				E831B1381E0955A700AB9FE0 /* pic.png */,
				E831B1391E0955A700AB9FE0 /* pic@2x.png */,
				E831B13A1E0955A700AB9FE0 /* playButton@2x.png */,
				E831B13B1E0955A700AB9FE0 /* PosterHighlight.png */,
				E831B13C1E0955A800AB9FE0 /* selectOff@2x.png */,
				E831B13D1E0955A800AB9FE0 /* selectOn@2x.png */,
				E831B13E1E0955A800AB9FE0 /* speakerLarge.png */,
				E831B13F1E0955A800AB9FE0 /* speakerLarge@2x.png */,
				E831B1401E0955A800AB9FE0 /* speakerSmall.png */,
				E831B1411E0955A800AB9FE0 /* speakerSmall@2x.png */,
				E831B1421E0955A800AB9FE0 /* video@2x.png */,
				E831B1431E0955A800AB9FE0 /* wifi.png */,
				E831B1441E0955A800AB9FE0 /* wifi@2x.png */,
				E831B1451E0955A800AB9FE0 /* zip@2x.png */,
			);
			path = Resource;
			sourceTree = "<group>";
		};
		E831B1461E0955A800AB9FE0 /* Vender */ = {
			isa = PBXGroup;
			children = (
				E831D1B01E095FBB00AB9FE0 /* kxmovie */,
				E831B1471E0955A800AB9FE0 /* ASProgressPopUpView */,
				E831B14C1E0955A800AB9FE0 /* GCDWebServer */,
				E831C2D71E0955D300AB9FE0 /* RegexKitLite */,
				E831C2DA1E0955D300AB9FE0 /* SCGIFImageView */,
				E831C2DD1E0955D300AB9FE0 /* SPLockScreen */,
				E831C2E61E0955D400AB9FE0 /* ZipArchive */,
			);
			path = Vender;
			sourceTree = "<group>";
		};
		E831B1471E0955A800AB9FE0 /* ASProgressPopUpView */ = {
			isa = PBXGroup;
			children = (
				E831B1481E0955A800AB9FE0 /* ASPopUpView.h */,
				E831B1491E0955A800AB9FE0 /* ASPopUpView.m */,
				E831B14A1E0955A800AB9FE0 /* ASProgressPopUpView.h */,
				E831B14B1E0955A800AB9FE0 /* ASProgressPopUpView.m */,
			);
			path = ASProgressPopUpView;
			sourceTree = "<group>";
		};
		E831B14C1E0955A800AB9FE0 /* GCDWebServer */ = {
			isa = PBXGroup;
			children = (
				E831B14D1E0955A800AB9FE0 /* GCDWebServers.framework */,
			);
			path = GCDWebServer;
			sourceTree = "<group>";
		};
		E831C2D71E0955D300AB9FE0 /* RegexKitLite */ = {
			isa = PBXGroup;
			children = (
				E831C2D81E0955D300AB9FE0 /* RegexKitLite.h */,
				E831C2D91E0955D300AB9FE0 /* RegexKitLite.m */,
			);
			path = RegexKitLite;
			sourceTree = "<group>";
		};
		E831C2DA1E0955D300AB9FE0 /* SCGIFImageView */ = {
			isa = PBXGroup;
			children = (
				E831C2DB1E0955D300AB9FE0 /* SCGIFImageView.h */,
				E831C2DC1E0955D300AB9FE0 /* SCGIFImageView.m */,
			);
			path = SCGIFImageView;
			sourceTree = "<group>";
		};
		E831C2DD1E0955D300AB9FE0 /* SPLockScreen */ = {
			isa = PBXGroup;
			children = (
				E831C2DE1E0955D400AB9FE0 /* NormalCircle.h */,
				E831C2DF1E0955D400AB9FE0 /* NormalCircle.m */,
				E831C2E01E0955D400AB9FE0 /* SPLine.h */,
				E831C2E11E0955D400AB9FE0 /* SPLine.m */,
				E831C2E21E0955D400AB9FE0 /* SPLockOverlay.h */,
				E831C2E31E0955D400AB9FE0 /* SPLockOverlay.m */,
				E831C2E41E0955D400AB9FE0 /* SPLockScreen.h */,
				E831C2E51E0955D400AB9FE0 /* SPLockScreen.m */,
			);
			path = SPLockScreen;
			sourceTree = "<group>";
		};
		E831C2E61E0955D400AB9FE0 /* ZipArchive */ = {
			isa = PBXGroup;
			children = (
				E831C2E71E0955D400AB9FE0 /* minizip */,
				E831C2F11E0955D400AB9FE0 /* ZipArchive.h */,
				E831C2F21E0955D400AB9FE0 /* ZipArchive.mm */,
			);
			path = ZipArchive;
			sourceTree = "<group>";
		};
		E831C2E71E0955D400AB9FE0 /* minizip */ = {
			isa = PBXGroup;
			children = (
				E831C2E81E0955D400AB9FE0 /* crypt.h */,
				E831C2E91E0955D400AB9FE0 /* ioapi.c */,
				E831C2EA1E0955D400AB9FE0 /* ioapi.h */,
				E831C2EB1E0955D400AB9FE0 /* mztools.c */,
				E831C2EC1E0955D400AB9FE0 /* mztools.h */,
				E831C2ED1E0955D400AB9FE0 /* unzip.c */,
				E831C2EE1E0955D400AB9FE0 /* unzip.h */,
				E831C2EF1E0955D400AB9FE0 /* zip.c */,
				E831C2F01E0955D400AB9FE0 /* zip.h */,
			);
			path = minizip;
			sourceTree = "<group>";
		};
		E831D1B01E095FBB00AB9FE0 /* kxmovie */ = {
			isa = PBXGroup;
			children = (
				E831D1B11E095FBB00AB9FE0 /* KxAudioManager.h */,
				E831D1B21E095FBB00AB9FE0 /* KxAudioManager.m */,
				E831D1B31E095FBB00AB9FE0 /* KxLogger.h */,
				E831D1B41E095FBB00AB9FE0 /* kxmovie-Prefix.pch */,
				E831D1B51E095FBB00AB9FE0 /* kxmovie.bundle */,
				E831D1B61E095FBB00AB9FE0 /* KxMovieDecoder.h */,
				E831D1B71E095FBB00AB9FE0 /* KxMovieDecoder.m */,
				E831D1B81E095FBB00AB9FE0 /* KxMovieGLView.h */,
				E831D1B91E095FBB00AB9FE0 /* KxMovieGLView.m */,
				E831D1BA1E095FBB00AB9FE0 /* KxMovieViewController.h */,
				E831D1BB1E095FBB00AB9FE0 /* KxMovieViewController.m */,
			);
			name = kxmovie;
			path = kxmovie/kxmovie;
			sourceTree = "<group>";
		};
		E8E52947190CA740005BB21F /* Resources-iPad */ = {
			isa = PBXGroup;
			children = (
				E8E52948190CA740005BB21F /* ImageManager */,
			);
			path = "Resources-iPad";
			sourceTree = SOURCE_ROOT;
		};
		E8E52948190CA740005BB21F /* ImageManager */ = {
			isa = PBXGroup;
			children = (
				E8E52949190CA740005BB21F /* BrowseViewController.xib */,
				E8E5294A190CA740005BB21F /* CocoaWebResourceViewController.xib */,
				E8E5294B190CA740005BB21F /* FolderSelectionViewController.xib */,
				E8E5294C190CA740005BB21F /* ImageViewerViewController.xib */,
				E8E5294D190CA740005BB21F /* InputView.xib */,
				E8E5294E190CA740005BB21F /* PasswordViewController.xib */,
			);
			path = ImageManager;
			sourceTree = "<group>";
		};
		E8FDED5417C613DB00135717 /* utils */ = {
			isa = PBXGroup;
			children = (
				E820C00C19080F8800FDC42E /* ImageCell.h */,
				E820C00D19080F8800FDC42E /* ImageCell.m */,
				E820C01019080FE700FDC42E /* ImageCell.xib */,
				E8FDED5817C613DB00135717 /* FileManager.h */,
				E8FDED5917C613DB00135717 /* FileManager.m */,
				E8FDED5A17C613DB00135717 /* InputView.h */,
				E8FDED5B17C613DB00135717 /* InputView.m */,
				E8FDED5C17C613DB00135717 /* InputView.xib */,
				E8FDED5D17C613DB00135717 /* NSObject+Alert.h */,
				E8FDED5E17C613DB00135717 /* NSObject+Alert.m */,
				E8E5E974192CFE110098FE03 /* NSObject+ScreenSize.h */,
				E8E5E975192CFE110098FE03 /* NSObject+ScreenSize.m */,
				E8FDED6117C613DB00135717 /* TimeMeter.h */,
				E8FDED6217C613DB00135717 /* TimeMeter.m */,
				E8FDED6317C613DB00135717 /* UINavigationBar+Ext.h */,
				E8FDED6417C613DB00135717 /* UINavigationBar+Ext.m */,
				E8FDED6517C613DB00135717 /* UINavigationController+Ext.h */,
				E8FDED6617C613DB00135717 /* UINavigationController+Ext.m */,
				E8C9044E17C6FAFB00BBD1C0 /* VideoThumbImageView.h */,
				E8C9044F17C6FAFB00BBD1C0 /* VideoThumbImageView.m */,
				E8339DE217D845EC001A2AE6 /* PicThumbImageView.h */,
				E8339DE317D845EC001A2AE6 /* PicThumbImageView.m */,
				E8B60F9917C71CFA00ABE472 /* UIImage+Ext.h */,
				E8B60F9A17C71CFA00ABE472 /* UIImage+Ext.m */,
			);
			path = utils;
			sourceTree = "<group>";
		};
		E8FDED6917C613DB00135717 /* viewController */ = {
			isa = PBXGroup;
			children = (
				E8FDED6A17C613DB00135717 /* BrowseViewController.h */,
				E8FDED6B17C613DB00135717 /* BrowseViewController.m */,
				E8FDED6C17C613DB00135717 /* BrowseViewController.xib */,
				E8FDED6D17C613DB00135717 /* WebServerViewController.h */,
				E8FDED6E17C613DB00135717 /* WebServerViewController.m */,
				E8FDED6F17C613DB00135717 /* WebServerViewController.xib */,
				E8FDED7017C613DB00135717 /* FolderSelectionViewController.h */,
				E8FDED7117C613DB00135717 /* FolderSelectionViewController.m */,
				E8FDED7217C613DB00135717 /* FolderSelectionViewController.xib */,
				E8FDED7317C613DB00135717 /* ImageViewerViewController.h */,
				E8FDED7417C613DB00135717 /* ImageViewerViewController.m */,
				E8FDED7517C613DB00135717 /* ImageViewerViewController.xib */,
				E8FDED7617C613DB00135717 /* PasswordViewController.h */,
				E8FDED7717C613DB00135717 /* PasswordViewController.m */,
				E8FDED7817C613DB00135717 /* PasswordViewController.xib */,
			);
			path = viewController;
			sourceTree = "<group>";
		};
		E8FE05791730A40C00B6A39B = {
			isa = PBXGroup;
			children = (
				E831B1301E0955A700AB9FE0 /* Resource */,
				E831B1461E0955A800AB9FE0 /* Vender */,
				E8FE058B1730A40D00B6A39B /* ImageManager */,
				E8FE05841730A40D00B6A39B /* Frameworks */,
				E8FE05831730A40D00B6A39B /* Products */,
			);
			sourceTree = "<group>";
		};
		E8FE05831730A40D00B6A39B /* Products */ = {
			isa = PBXGroup;
			children = (
				E8FE05821730A40D00B6A39B /* ImageManager.app */,
				E8F6FA8117B4812C00702A14 /* ImageManager-iPad.app */,
			);
			name = Products;
			sourceTree = "<group>";
		};
		E8FE05841730A40D00B6A39B /* Frameworks */ = {
			isa = PBXGroup;
			children = (
				E831D1A61E095C2E00AB9FE0 /* libavcodec.a */,
				E831D1A71E095C2E00AB9FE0 /* libavformat.a */,
				E831D1A81E095C2E00AB9FE0 /* libavutil.a */,
				E831D1A91E095C2E00AB9FE0 /* libswresample.a */,
				E831D1AA1E095C2E00AB9FE0 /* libswscale.a */,
				E87179721A67FCAC007320E7 /* LocalAuthentication.framework */,
				E83EC1BB17B24DF600F43697 /* libbz2.1.0.dylib */,
				E83EC1B917B24DED00F43697 /* libiconv.2.4.0.dylib */,
				E83EC1B717B24DC100F43697 /* MediaPlayer.framework */,
				E83EC1B517B24DB700F43697 /* CoreAudio.framework */,
				E83EC1B317B24DAF00F43697 /* AudioToolbox.framework */,
				E83EC1B117B24DA100F43697 /* Accelerate.framework */,
				E83EC1AF17B24D9B00F43697 /* OpenGLES.framework */,
				E812E02D175C6E78004DB096 /* AssetsLibrary.framework */,
				E8FC1A361734936E00E5A78B /* QuartzCore.framework */,
				E8FC1A341734936800E5A78B /* CoreImage.framework */,
				E8F021511732775C00357277 /* libz.dylib */,
				E8F0213B17320BE500357277 /* libicucore.dylib */,
				E8F0213917320A6D00357277 /* CFNetwork.framework */,
				E8FE05851730A40D00B6A39B /* UIKit.framework */,
				E8FE05871730A40D00B6A39B /* Foundation.framework */,
				E8FE05891730A40D00B6A39B /* CoreGraphics.framework */,
			);
			name = Frameworks;
			sourceTree = "<group>";
		};
		E8FE058B1730A40D00B6A39B /* ImageManager */ = {
			isa = PBXGroup;
			children = (
				E8E52947190CA740005BB21F /* Resources-iPad */,
				E8FDED5417C613DB00135717 /* utils */,
				E8FDED6917C613DB00135717 /* viewController */,
				E8FE05941730A40D00B6A39B /* AppDelegate.h */,
				E8FE05951730A40D00B6A39B /* AppDelegate.m */,
				E8FE058C1730A40D00B6A39B /* Supporting Files */,
			);
			path = ImageManager;
			sourceTree = "<group>";
		};
		E8FE058C1730A40D00B6A39B /* Supporting Files */ = {
			isa = PBXGroup;
			children = (
				E8FE058D1730A40D00B6A39B /* ImageManager-Info.plist */,
				E8FE058E1730A40D00B6A39B /* InfoPlist.strings */,
				E8FE05911730A40D00B6A39B /* main.m */,
				E8FE05931730A40D00B6A39B /* ImageManager-Prefix.pch */,
			);
			name = "Supporting Files";
			sourceTree = "<group>";
		};
/* End PBXGroup section */

/* Begin PBXNativeTarget section */
		E8F6FA2D17B4812C00702A14 /* ImageManager-iPad */ = {
			isa = PBXNativeTarget;
			buildConfigurationList = E8F6FA7E17B4812C00702A14 /* Build configuration list for PBXNativeTarget "ImageManager-iPad" */;
			buildPhases = (
				E8F6FA2E17B4812C00702A14 /* Sources */,
				E8F6FA5017B4812C00702A14 /* Frameworks */,
				E8F6FA6817B4812C00702A14 /* Resources */,
			);
			buildRules = (
			);
			dependencies = (
			);
			name = "ImageManager-iPad";
			productName = ImageManager;
			productReference = E8F6FA8117B4812C00702A14 /* ImageManager-iPad.app */;
			productType = "com.apple.product-type.application";
		};
		E8FE05811730A40D00B6A39B /* ImageManager */ = {
			isa = PBXNativeTarget;
			buildConfigurationList = E8FE059F1730A40D00B6A39B /* Build configuration list for PBXNativeTarget "ImageManager" */;
			buildPhases = (
				E8FE057E1730A40D00B6A39B /* Sources */,
				E8FE057F1730A40D00B6A39B /* Frameworks */,
				E8FE05801730A40D00B6A39B /* Resources */,
				E80036DE1E093F60005673EC /* CopyFiles */,
			);
			buildRules = (
			);
			dependencies = (
			);
			name = ImageManager;
			productName = ImageManager;
			productReference = E8FE05821730A40D00B6A39B /* ImageManager.app */;
			productType = "com.apple.product-type.application";
		};
/* End PBXNativeTarget section */

/* Begin PBXProject section */
		E8FE057A1730A40D00B6A39B /* Project object */ = {
			isa = PBXProject;
			attributes = {
				LastUpgradeCheck = 0610;
				ORGANIZATIONNAME = "li peng";
				TargetAttributes = {
					E8F6FA2D17B4812C00702A14 = {
						DevelopmentTeam = S4NUSJ3KDJ;
					};
					E8FE05811730A40D00B6A39B = {
						DevelopmentTeam = S4NUSJ3KDJ;
						ProvisioningStyle = Automatic;
					};
				};
			};
			buildConfigurationList = E8FE057D1730A40D00B6A39B /* Build configuration list for PBXProject "ImageManager" */;
			compatibilityVersion = "Xcode 3.2";
			developmentRegion = English;
			hasScannedForEncodings = 0;
			knownRegions = (
				en,
			);
			mainGroup = E8FE05791730A40C00B6A39B;
			productRefGroup = E8FE05831730A40D00B6A39B /* Products */;
			projectDirPath = "";
			projectRoot = "";
			targets = (
				E8FE05811730A40D00B6A39B /* ImageManager */,
				E8F6FA2D17B4812C00702A14 /* ImageManager-iPad */,
			);
		};
/* End PBXProject section */

/* Begin PBXResourcesBuildPhase section */
		E8F6FA6817B4812C00702A14 /* Resources */ = {
			isa = PBXResourcesBuildPhase;
			buildActionMask = 2147483647;
			files = (
				E8F6FA6917B4812C00702A14 /* InfoPlist.strings in Resources */,
				E8E52954190CA740005BB21F /* PasswordViewController.xib in Resources */,
				E8E52950190CA740005BB21F /* CocoaWebResourceViewController.xib in Resources */,
				E8FDED8217C613DB00135717 /* InputView.xib in Resources */,
				E8E52953190CA740005BB21F /* InputView.xib in Resources */,
				E8FDED9A17C613DB00135717 /* FolderSelectionViewController.xib in Resources */,
				E8E5294F190CA740005BB21F /* BrowseViewController.xib in Resources */,
				E8E52952190CA740005BB21F /* ImageViewerViewController.xib in Resources */,
				E8E52951190CA740005BB21F /* FolderSelectionViewController.xib in Resources */,
				E820C01219080FE700FDC42E /* ImageCell.xib in Resources */,
			);
			runOnlyForDeploymentPostprocessing = 0;
		};
		E8FE05801730A40D00B6A39B /* Resources */ = {
			isa = PBXResourcesBuildPhase;
			buildActionMask = 2147483647;
			files = (
				E8FE05901730A40D00B6A39B /* InfoPlist.strings in Resources */,
				E831C2FF1E0955D400AB9FE0 /* selectOn@2x.png in Resources */,
				E831C3051E0955D400AB9FE0 /* wifi.png in Resources */,
				E831C3041E0955D400AB9FE0 /* video@2x.png in Resources */,
				E831C3031E0955D400AB9FE0 /* speakerSmall@2x.png in Resources */,
				E831C2F81E0955D400AB9FE0 /* leftArrow@2x.png in Resources */,
				E8FDED8117C613DB00135717 /* InputView.xib in Resources */,
				E831C3061E0955D400AB9FE0 /* wifi@2x.png in Resources */,
				E831C2F31E0955D400AB9FE0 /* blackBtn@2x.png in Resources */,
				E831C2F71E0955D400AB9FE0 /* gif@2x.png in Resources */,
				E831C3071E0955D400AB9FE0 /* zip@2x.png in Resources */,
				E831C2F41E0955D400AB9FE0 /* Default-568h@2x.png in Resources */,
				E831C2FD1E0955D400AB9FE0 /* PosterHighlight.png in Resources */,
				E831C2FA1E0955D400AB9FE0 /* pic.png in Resources */,
				E831C2FE1E0955D400AB9FE0 /* selectOff@2x.png in Resources */,
				E8FDED9517C613DB00135717 /* WebServerViewController.xib in Resources */,
				E831C2F51E0955D400AB9FE0 /* Default@2x.png in Resources */,
				E831C2F91E0955D400AB9FE0 /* navBarBackBtn@2x.png in Resources */,
				E831C2FB1E0955D400AB9FE0 /* pic@2x.png in Resources */,
				E831C2F61E0955D400AB9FE0 /* folder@2x.png in Resources */,
				E831C2FC1E0955D400AB9FE0 /* playButton@2x.png in Resources */,
				E831D1BD1E095FBB00AB9FE0 /* kxmovie.bundle in Resources */,
				E8FDED9917C613DB00135717 /* FolderSelectionViewController.xib in Resources */,
				E8FDEDA117C613DB00135717 /* PasswordViewController.xib in Resources */,
				E8E52955190CA81A005BB21F /* BrowseViewController.xib in Resources */,
				E8E52956190CAA4A005BB21F /* ImageViewerViewController.xib in Resources */,
				E831C3011E0955D400AB9FE0 /* speakerLarge@2x.png in Resources */,
				E820C01119080FE700FDC42E /* ImageCell.xib in Resources */,
				E831C3001E0955D400AB9FE0 /* speakerLarge.png in Resources */,
				E831C3021E0955D400AB9FE0 /* speakerSmall.png in Resources */,
			);
			runOnlyForDeploymentPostprocessing = 0;
		};
/* End PBXResourcesBuildPhase section */

/* Begin PBXSourcesBuildPhase section */
		E8F6FA2E17B4812C00702A14 /* Sources */ = {
			isa = PBXSourcesBuildPhase;
			buildActionMask = 2147483647;
			files = (
				E8F6FA2F17B4812C00702A14 /* main.m in Sources */,
				E8F6FA3017B4812C00702A14 /* AppDelegate.m in Sources */,
				E8E5E977192CFE110098FE03 /* NSObject+ScreenSize.m in Sources */,
				E8FDED7E17C613DB00135717 /* FileManager.m in Sources */,
				E8FDED8017C613DB00135717 /* InputView.m in Sources */,
				E8FDED8417C613DB00135717 /* NSObject+Alert.m in Sources */,
				E8FDED8817C613DB00135717 /* TimeMeter.m in Sources */,
				E820C00F19080F8800FDC42E /* ImageCell.m in Sources */,
				E8FDED8A17C613DB00135717 /* UINavigationBar+Ext.m in Sources */,
				E8FDED8C17C613DB00135717 /* UINavigationController+Ext.m in Sources */,
				E8FDED9017C613DB00135717 /* BrowseViewController.m in Sources */,
				E8FDED9417C613DB00135717 /* WebServerViewController.m in Sources */,
				E8FDED9817C613DB00135717 /* FolderSelectionViewController.m in Sources */,
				E8FDED9C17C613DB00135717 /* ImageViewerViewController.m in Sources */,
				E8FDEDA017C613DB00135717 /* PasswordViewController.m in Sources */,
				E8C9045117C6FAFB00BBD1C0 /* VideoThumbImageView.m in Sources */,
				E8B60F9C17C71CFA00ABE472 /* UIImage+Ext.m in Sources */,
				E8339DE517D845EC001A2AE6 /* PicThumbImageView.m in Sources */,
			);
			runOnlyForDeploymentPostprocessing = 0;
		};
		E8FE057E1730A40D00B6A39B /* Sources */ = {
			isa = PBXSourcesBuildPhase;
			buildActionMask = 2147483647;
			files = (
				E8FE05921730A40D00B6A39B /* main.m in Sources */,
				E8FE05961730A40D00B6A39B /* AppDelegate.m in Sources */,
				E831D1941E09560500AB9FE0 /* mztools.c in Sources */,
				E831D18E1E09560500AB9FE0 /* SCGIFImageView.m in Sources */,
				E8E5E976192CFE110098FE03 /* NSObject+ScreenSize.m in Sources */,
				E831C3081E0955D400AB9FE0 /* ASPopUpView.m in Sources */,
				E8FDED7D17C613DB00135717 /* FileManager.m in Sources */,
				E8FDED7F17C613DB00135717 /* InputView.m in Sources */,
				E8FDED8317C613DB00135717 /* NSObject+Alert.m in Sources */,
				E831D1BF1E095FBB00AB9FE0 /* KxMovieGLView.m in Sources */,
				E8FDED8717C613DB00135717 /* TimeMeter.m in Sources */,
				E820C00E19080F8800FDC42E /* ImageCell.m in Sources */,
				E831D1901E09560500AB9FE0 /* SPLine.m in Sources */,
				E8FDED8917C613DB00135717 /* UINavigationBar+Ext.m in Sources */,
				E831D1BE1E095FBB00AB9FE0 /* KxMovieDecoder.m in Sources */,
				E831D1931E09560500AB9FE0 /* ioapi.c in Sources */,
				E831D1961E09560500AB9FE0 /* zip.c in Sources */,
				E831D1C01E095FBB00AB9FE0 /* KxMovieViewController.m in Sources */,
				E831D1971E09560500AB9FE0 /* ZipArchive.mm in Sources */,
				E8FDED8B17C613DB00135717 /* UINavigationController+Ext.m in Sources */,
				E8FDED8F17C613DB00135717 /* BrowseViewController.m in Sources */,
				E831C3091E0955D400AB9FE0 /* ASProgressPopUpView.m in Sources */,
				E8FDED9317C613DB00135717 /* WebServerViewController.m in Sources */,
				E8FDED9717C613DB00135717 /* FolderSelectionViewController.m in Sources */,
				E831D18D1E09560500AB9FE0 /* RegexKitLite.m in Sources */,
				E831D1921E09560500AB9FE0 /* SPLockScreen.m in Sources */,
				E8FDED9B17C613DB00135717 /* ImageViewerViewController.m in Sources */,
				E831D1951E09560500AB9FE0 /* unzip.c in Sources */,
				E8FDED9F17C613DB00135717 /* PasswordViewController.m in Sources */,
				E831D18F1E09560500AB9FE0 /* NormalCircle.m in Sources */,
				E831D1BC1E095FBB00AB9FE0 /* KxAudioManager.m in Sources */,
				E8C9045017C6FAFB00BBD1C0 /* VideoThumbImageView.m in Sources */,
				E8B60F9B17C71CFA00ABE472 /* UIImage+Ext.m in Sources */,
				E831D1911E09560500AB9FE0 /* SPLockOverlay.m in Sources */,
				E8339DE417D845EC001A2AE6 /* PicThumbImageView.m in Sources */,
			);
			runOnlyForDeploymentPostprocessing = 0;
		};
/* End PBXSourcesBuildPhase section */

/* Begin PBXVariantGroup section */
		E8FE058E1730A40D00B6A39B /* InfoPlist.strings */ = {
			isa = PBXVariantGroup;
			children = (
				E8FE058F1730A40D00B6A39B /* en */,
			);
			name = InfoPlist.strings;
			sourceTree = "<group>";
		};
/* End PBXVariantGroup section */

/* Begin XCBuildConfiguration section */
		E8F6FA7F17B4812C00702A14 /* Debug */ = {
			isa = XCBuildConfiguration;
			buildSettings = {
				ARCHS = (
					armv7,
					armv7s,
				);
				CODE_SIGN_IDENTITY = "iPhone Developer";
				"CODE_SIGN_IDENTITY[sdk=iphoneos*]" = "iPhone Developer";
				GCC_PRECOMPILE_PREFIX_HEADER = YES;
				GCC_PREFIX_HEADER = "ImageManager/ImageManager-Prefix.pch";
				GCC_PREPROCESSOR_DEFINITIONS = (
					"DEBUG=1",
					"$(inherited)",
				);
				INFOPLIST_FILE = "ImageManager-Info.plist";
				IPHONEOS_DEPLOYMENT_TARGET = 6.1;
				LIBRARY_SEARCH_PATHS = (
					"$(inherited)",
					"$(PROJECT_DIR)/kxmovie/libs/FFmpeg",
				);
				PRODUCT_NAME = "ImageManager-iPad";
				PROVISIONING_PROFILE = "";
				TARGETED_DEVICE_FAMILY = 2;
				WRAPPER_EXTENSION = app;
			};
			name = Debug;
		};
		E8F6FA8017B4812C00702A14 /* Release */ = {
			isa = XCBuildConfiguration;
			buildSettings = {
				ARCHS = (
					armv7,
					armv7s,
				);
				CODE_SIGN_IDENTITY = "iPhone Developer";
				"CODE_SIGN_IDENTITY[sdk=iphoneos*]" = "iPhone Developer";
				GCC_PRECOMPILE_PREFIX_HEADER = YES;
				GCC_PREFIX_HEADER = "ImageManager/ImageManager-Prefix.pch";
				INFOPLIST_FILE = "ImageManager-Info.plist";
				IPHONEOS_DEPLOYMENT_TARGET = 6.1;
				LIBRARY_SEARCH_PATHS = (
					"$(inherited)",
					"$(PROJECT_DIR)/kxmovie/libs/FFmpeg",
				);
				PRODUCT_NAME = "ImageManager-iPad";
				PROVISIONING_PROFILE = "";
				TARGETED_DEVICE_FAMILY = 2;
				WRAPPER_EXTENSION = app;
			};
			name = Release;
		};
		E8FE059D1730A40D00B6A39B /* Debug */ = {
			isa = XCBuildConfiguration;
			buildSettings = {
				ALWAYS_SEARCH_USER_PATHS = NO;
				CLANG_CXX_LANGUAGE_STANDARD = "gnu++0x";
				CLANG_CXX_LIBRARY = "libc++";
				CLANG_ENABLE_OBJC_ARC = YES;
				CLANG_WARN_CONSTANT_CONVERSION = YES;
				CLANG_WARN_EMPTY_BODY = YES;
				CLANG_WARN_ENUM_CONVERSION = YES;
				CLANG_WARN_INT_CONVERSION = YES;
				CLANG_WARN__DUPLICATE_METHOD_MATCH = YES;
				CODE_SIGN_IDENTITY = "iPhone Developer";
				COPY_PHASE_STRIP = NO;
				GCC_C_LANGUAGE_STANDARD = gnu99;
				GCC_DYNAMIC_NO_PIC = NO;
				GCC_OPTIMIZATION_LEVEL = 0;
				GCC_PREPROCESSOR_DEFINITIONS = (
					"DEBUG=1",
					"$(inherited)",
				);
				GCC_SYMBOLS_PRIVATE_EXTERN = NO;
				GCC_WARN_ABOUT_RETURN_TYPE = YES;
				GCC_WARN_UNINITIALIZED_AUTOS = YES;
				GCC_WARN_UNUSED_VARIABLE = YES;
				HEADER_SEARCH_PATHS = "";
				IPHONEOS_DEPLOYMENT_TARGET = 6.1;
				LIBRARY_SEARCH_PATHS = "\"$(SRCROOT)/kxmovie/libs/FFmpeg/";
				ONLY_ACTIVE_ARCH = YES;
				SDKROOT = iphoneos;
				USER_HEADER_SEARCH_PATHS = "kxmovie/**";
			};
			name = Debug;
		};
		E8FE059E1730A40D00B6A39B /* Release */ = {
			isa = XCBuildConfiguration;
			buildSettings = {
				ALWAYS_SEARCH_USER_PATHS = NO;
				CLANG_CXX_LANGUAGE_STANDARD = "gnu++0x";
				CLANG_CXX_LIBRARY = "libc++";
				CLANG_ENABLE_OBJC_ARC = YES;
				CLANG_WARN_CONSTANT_CONVERSION = YES;
				CLANG_WARN_EMPTY_BODY = YES;
				CLANG_WARN_ENUM_CONVERSION = YES;
				CLANG_WARN_INT_CONVERSION = YES;
				CLANG_WARN__DUPLICATE_METHOD_MATCH = YES;
				CODE_SIGN_IDENTITY = "iPhone Developer";
				COPY_PHASE_STRIP = YES;
				GCC_C_LANGUAGE_STANDARD = gnu99;
				GCC_WARN_ABOUT_RETURN_TYPE = YES;
				GCC_WARN_UNINITIALIZED_AUTOS = YES;
				GCC_WARN_UNUSED_VARIABLE = YES;
				HEADER_SEARCH_PATHS = "";
				IPHONEOS_DEPLOYMENT_TARGET = 6.1;
				LIBRARY_SEARCH_PATHS = "\"$(SRCROOT)/kxmovie/libs/FFmpeg/";
				OTHER_CFLAGS = "-DNS_BLOCK_ASSERTIONS=1";
				SDKROOT = iphoneos;
				USER_HEADER_SEARCH_PATHS = "kxmovie/**";
				VALIDATE_PRODUCT = YES;
			};
			name = Release;
		};
		E8FE05A01730A40D00B6A39B /* Debug */ = {
			isa = XCBuildConfiguration;
			buildSettings = {
				ARCHS = (
					armv7s,
					armv7,
				);
				"CODE_SIGN_IDENTITY[sdk=iphoneos*]" = "iPhone Developer";
				DEVELOPMENT_TEAM = S4NUSJ3KDJ;
				ENABLE_BITCODE = NO;
				FRAMEWORK_SEARCH_PATHS = (
					"$(inherited)",
					"$(PROJECT_DIR)/Vender/GCDWebServer",
				);
				GCC_PRECOMPILE_PREFIX_HEADER = YES;
				GCC_PREFIX_HEADER = "ImageManager/ImageManager-Prefix.pch";
				INFOPLIST_FILE = "ImageManager/ImageManager-Info.plist";
				IPHONEOS_DEPLOYMENT_TARGET = 8.0;
				LD_RUNPATH_SEARCH_PATHS = "@executable_path/Frameworks";
				LIBRARY_SEARCH_PATHS = (
					"$(inherited)",
					"$(PROJECT_DIR)/Vender/kxmovie/libs/FFmpeg",
				);
				PRODUCT_BUNDLE_IDENTIFIER = com.cloudless.imagemanager;
				PRODUCT_NAME = "$(TARGET_NAME)";
				USER_HEADER_SEARCH_PATHS = "Vender/kxmovie/**";
				WRAPPER_EXTENSION = app;
			};
			name = Debug;
		};
		E8FE05A11730A40D00B6A39B /* Release */ = {
			isa = XCBuildConfiguration;
			buildSettings = {
				ARCHS = (
					armv7s,
					armv7,
				);
				"CODE_SIGN_IDENTITY[sdk=iphoneos*]" = "iPhone Developer";
				DEVELOPMENT_TEAM = S4NUSJ3KDJ;
				ENABLE_BITCODE = NO;
				FRAMEWORK_SEARCH_PATHS = (
					"$(inherited)",
					"$(PROJECT_DIR)/Vender/GCDWebServer",
				);
				GCC_PRECOMPILE_PREFIX_HEADER = YES;
				GCC_PREFIX_HEADER = "ImageManager/ImageManager-Prefix.pch";
				INFOPLIST_FILE = "ImageManager/ImageManager-Info.plist";
				IPHONEOS_DEPLOYMENT_TARGET = 8.0;
				LD_RUNPATH_SEARCH_PATHS = "@executable_path/Frameworks";
				LIBRARY_SEARCH_PATHS = (
					"$(inherited)",
					"$(PROJECT_DIR)/Vender/kxmovie/libs/FFmpeg",
				);
				PRODUCT_BUNDLE_IDENTIFIER = com.cloudless.imagemanager;
				PRODUCT_NAME = "$(TARGET_NAME)";
				USER_HEADER_SEARCH_PATHS = "Vender/kxmovie/**";
				WRAPPER_EXTENSION = app;
			};
			name = Release;
		};
/* End XCBuildConfiguration section */

/* Begin XCConfigurationList section */
		E8F6FA7E17B4812C00702A14 /* Build configuration list for PBXNativeTarget "ImageManager-iPad" */ = {
			isa = XCConfigurationList;
			buildConfigurations = (
				E8F6FA7F17B4812C00702A14 /* Debug */,
				E8F6FA8017B4812C00702A14 /* Release */,
			);
			defaultConfigurationIsVisible = 0;
			defaultConfigurationName = Release;
		};
		E8FE057D1730A40D00B6A39B /* Build configuration list for PBXProject "ImageManager" */ = {
			isa = XCConfigurationList;
			buildConfigurations = (
				E8FE059D1730A40D00B6A39B /* Debug */,
				E8FE059E1730A40D00B6A39B /* Release */,
			);
			defaultConfigurationIsVisible = 0;
			defaultConfigurationName = Release;
		};
		E8FE059F1730A40D00B6A39B /* Build configuration list for PBXNativeTarget "ImageManager" */ = {
			isa = XCConfigurationList;
			buildConfigurations = (
				E8FE05A01730A40D00B6A39B /* Debug */,
				E8FE05A11730A40D00B6A39B /* Release */,
			);
			defaultConfigurationIsVisible = 0;
			defaultConfigurationName = Release;
		};
/* End XCConfigurationList section */
	};
	rootObject = E8FE057A1730A40D00B6A39B /* Project object */;
}
